// !$*UTF8*$!
{
	archiveVersion = 1;
	classes = {
	};
	objectVersion = 48;
	objects = {

/* Begin PBXBuildFile section */
		1F4E5EC11F78E3BD00F1E08E /* AppDelegate.swift in Sources */ = {isa = PBXBuildFile; fileRef = 1F4E5EC01F78E3BD00F1E08E /* AppDelegate.swift */; };
		1F4E5EC31F78E3BD00F1E08E /* ViewController.swift in Sources */ = {isa = PBXBuildFile; fileRef = 1F4E5EC21F78E3BD00F1E08E /* ViewController.swift */; };
		1F4E5EC61F78E3BD00F1E08E /* Main.storyboard in Resources */ = {isa = PBXBuildFile; fileRef = 1F4E5EC41F78E3BD00F1E08E /* Main.storyboard */; };
		1F4E5EC81F78E3BE00F1E08E /* Assets.xcassets in Resources */ = {isa = PBXBuildFile; fileRef = 1F4E5EC71F78E3BE00F1E08E /* Assets.xcassets */; };
		1F4E5ECB1F78E3BE00F1E08E /* LaunchScreen.storyboard in Resources */ = {isa = PBXBuildFile; fileRef = 1F4E5EC91F78E3BE00F1E08E /* LaunchScreen.storyboard */; };
		1F69CBE31F98CA7200DC9564 /* ImageClass.swift in Sources */ = {isa = PBXBuildFile; fileRef = 1F69CBE21F98CA7200DC9564 /* ImageClass.swift */; };
		1F9484811FB4400400110FED /* drink_00.jpg in Resources */ = {isa = PBXBuildFile; fileRef = 1F9484301FB4400300110FED /* drink_00.jpg */; };
		1F9484821FB4400400110FED /* drink_01.jpg in Resources */ = {isa = PBXBuildFile; fileRef = 1F9484311FB4400300110FED /* drink_01.jpg */; };
		1F9484831FB4400400110FED /* drink_02.jpg in Resources */ = {isa = PBXBuildFile; fileRef = 1F9484321FB4400300110FED /* drink_02.jpg */; };
		1F9484841FB4400400110FED /* drink_03.jpg in Resources */ = {isa = PBXBuildFile; fileRef = 1F9484331FB4400300110FED /* drink_03.jpg */; };
		1F9484851FB4400400110FED /* drink_04.jpg in Resources */ = {isa = PBXBuildFile; fileRef = 1F9484341FB4400300110FED /* drink_04.jpg */; };
		1F9484861FB4400400110FED /* drink_05.jpg in Resources */ = {isa = PBXBuildFile; fileRef = 1F9484351FB4400300110FED /* drink_05.jpg */; };
		1F9484871FB4400400110FED /* drink_06.jpg in Resources */ = {isa = PBXBuildFile; fileRef = 1F9484361FB4400300110FED /* drink_06.jpg */; };
		1F9484881FB4400400110FED /* drink_07.jpg in Resources */ = {isa = PBXBuildFile; fileRef = 1F9484371FB4400300110FED /* drink_07.jpg */; };
		1F9484891FB4400400110FED /* drink_08.jpg in Resources */ = {isa = PBXBuildFile; fileRef = 1F9484381FB4400300110FED /* drink_08.jpg */; };
		1F94848A1FB4400400110FED /* drink_09.jpg in Resources */ = {isa = PBXBuildFile; fileRef = 1F9484391FB4400300110FED /* drink_09.jpg */; };
		1F94848B1FB4400400110FED /* drink_10.jpg in Resources */ = {isa = PBXBuildFile; fileRef = 1F94843A1FB4400300110FED /* drink_10.jpg */; };
		1F94848C1FB4400400110FED /* drink_11.jpg in Resources */ = {isa = PBXBuildFile; fileRef = 1F94843B1FB4400300110FED /* drink_11.jpg */; };
		1F94848D1FB4400400110FED /* drink_12.jpg in Resources */ = {isa = PBXBuildFile; fileRef = 1F94843C1FB4400300110FED /* drink_12.jpg */; };
		1F94848E1FB4400400110FED /* drink_13.jpg in Resources */ = {isa = PBXBuildFile; fileRef = 1F94843D1FB4400300110FED /* drink_13.jpg */; };
		1F94848F1FB4400400110FED /* drink_14.jpg in Resources */ = {isa = PBXBuildFile; fileRef = 1F94843E1FB4400300110FED /* drink_14.jpg */; };
		1F9484901FB4400400110FED /* drink_15.jpg in Resources */ = {isa = PBXBuildFile; fileRef = 1F94843F1FB4400300110FED /* drink_15.jpg */; };
		1F9484911FB4400400110FED /* drink_16.jpg in Resources */ = {isa = PBXBuildFile; fileRef = 1F9484401FB4400300110FED /* drink_16.jpg */; };
		1F9484921FB4400400110FED /* drink_17.jpg in Resources */ = {isa = PBXBuildFile; fileRef = 1F9484411FB4400300110FED /* drink_17.jpg */; };
		1F9484931FB4400400110FED /* drink_18.jpg in Resources */ = {isa = PBXBuildFile; fileRef = 1F9484421FB4400300110FED /* drink_18.jpg */; };
		1F9484941FB4400400110FED /* drink_19.jpg in Resources */ = {isa = PBXBuildFile; fileRef = 1F9484431FB4400300110FED /* drink_19.jpg */; };
		1F9484951FB4400400110FED /* drink_20.jpg in Resources */ = {isa = PBXBuildFile; fileRef = 1F9484441FB4400300110FED /* drink_20.jpg */; };
		1F9484961FB4400400110FED /* drink_21.jpg in Resources */ = {isa = PBXBuildFile; fileRef = 1F9484451FB4400300110FED /* drink_21.jpg */; };
		1F9484971FB4400400110FED /* drink_22.jpg in Resources */ = {isa = PBXBuildFile; fileRef = 1F9484461FB4400300110FED /* drink_22.jpg */; };
		1F9484981FB4400400110FED /* drink_23.jpg in Resources */ = {isa = PBXBuildFile; fileRef = 1F9484471FB4400300110FED /* drink_23.jpg */; };
		1F9484991FB4400400110FED /* drink_24.jpg in Resources */ = {isa = PBXBuildFile; fileRef = 1F9484481FB4400300110FED /* drink_24.jpg */; };
		1F94849A1FB4400400110FED /* drink_25.jpg in Resources */ = {isa = PBXBuildFile; fileRef = 1F9484491FB4400300110FED /* drink_25.jpg */; };
		1F94849B1FB4400400110FED /* drink_26.jpg in Resources */ = {isa = PBXBuildFile; fileRef = 1F94844A1FB4400300110FED /* drink_26.jpg */; };
		1F94849C1FB4400400110FED /* drink_27.jpg in Resources */ = {isa = PBXBuildFile; fileRef = 1F94844B1FB4400300110FED /* drink_27.jpg */; };
		1F94849D1FB4400400110FED /* drink_28.jpg in Resources */ = {isa = PBXBuildFile; fileRef = 1F94844C1FB4400300110FED /* drink_28.jpg */; };
		1F94849E1FB4400400110FED /* drink_29.jpg in Resources */ = {isa = PBXBuildFile; fileRef = 1F94844D1FB4400300110FED /* drink_29.jpg */; };
		1F94849F1FB4400400110FED /* drink_30.jpg in Resources */ = {isa = PBXBuildFile; fileRef = 1F94844E1FB4400300110FED /* drink_30.jpg */; };
		1F9484A01FB4400400110FED /* drink_31.jpg in Resources */ = {isa = PBXBuildFile; fileRef = 1F94844F1FB4400300110FED /* drink_31.jpg */; };
		1F9484A11FB4400400110FED /* drink_32.jpg in Resources */ = {isa = PBXBuildFile; fileRef = 1F9484501FB4400300110FED /* drink_32.jpg */; };
		1F9484A21FB4400400110FED /* drink_33.jpg in Resources */ = {isa = PBXBuildFile; fileRef = 1F9484511FB4400300110FED /* drink_33.jpg */; };
		1F9484A31FB4400400110FED /* drink_34.jpg in Resources */ = {isa = PBXBuildFile; fileRef = 1F9484521FB4400300110FED /* drink_34.jpg */; };
		1F9484A41FB4400400110FED /* drink_35.jpg in Resources */ = {isa = PBXBuildFile; fileRef = 1F9484531FB4400300110FED /* drink_35.jpg */; };
		1F9484A51FB4400400110FED /* drink_36.jpg in Resources */ = {isa = PBXBuildFile; fileRef = 1F9484541FB4400300110FED /* drink_36.jpg */; };
		1F9484A61FB4400400110FED /* drink_37.jpg in Resources */ = {isa = PBXBuildFile; fileRef = 1F9484551FB4400300110FED /* drink_37.jpg */; };
		1F9484A71FB4400400110FED /* drink_38.jpg in Resources */ = {isa = PBXBuildFile; fileRef = 1F9484561FB4400300110FED /* drink_38.jpg */; };
		1F9484A81FB4400400110FED /* drink_39.jpg in Resources */ = {isa = PBXBuildFile; fileRef = 1F9484571FB4400300110FED /* drink_39.jpg */; };
		1F9484A91FB4400400110FED /* drink_40.jpg in Resources */ = {isa = PBXBuildFile; fileRef = 1F9484581FB4400300110FED /* drink_40.jpg */; };
		1F9484AA1FB4400400110FED /* drink_41.jpg in Resources */ = {isa = PBXBuildFile; fileRef = 1F9484591FB4400300110FED /* drink_41.jpg */; };
		1F9484AB1FB4400400110FED /* drink_42.jpg in Resources */ = {isa = PBXBuildFile; fileRef = 1F94845A1FB4400300110FED /* drink_42.jpg */; };
		1F9484AC1FB4400400110FED /* drink_43.jpg in Resources */ = {isa = PBXBuildFile; fileRef = 1F94845B1FB4400300110FED /* drink_43.jpg */; };
		1F9484AD1FB4400400110FED /* drink_44.jpg in Resources */ = {isa = PBXBuildFile; fileRef = 1F94845C1FB4400300110FED /* drink_44.jpg */; };
		1F9484AE1FB4400400110FED /* drink_45.jpg in Resources */ = {isa = PBXBuildFile; fileRef = 1F94845D1FB4400300110FED /* drink_45.jpg */; };
		1F9484AF1FB4400400110FED /* drink_46.jpg in Resources */ = {isa = PBXBuildFile; fileRef = 1F94845E1FB4400300110FED /* drink_46.jpg */; };
		1F9484B01FB4400400110FED /* drink_47.jpg in Resources */ = {isa = PBXBuildFile; fileRef = 1F94845F1FB4400300110FED /* drink_47.jpg */; };
		1F9484B11FB4400400110FED /* drink_48.jpg in Resources */ = {isa = PBXBuildFile; fileRef = 1F9484601FB4400300110FED /* drink_48.jpg */; };
		1F9484B21FB4400400110FED /* drink_49.jpg in Resources */ = {isa = PBXBuildFile; fileRef = 1F9484611FB4400300110FED /* drink_49.jpg */; };
		1F9484B31FB4400400110FED /* drink_50.jpg in Resources */ = {isa = PBXBuildFile; fileRef = 1F9484621FB4400300110FED /* drink_50.jpg */; };
		1F9484B41FB4400400110FED /* drink_51.jpg in Resources */ = {isa = PBXBuildFile; fileRef = 1F9484631FB4400300110FED /* drink_51.jpg */; };
		1F9484B51FB4400400110FED /* drink_52.jpg in Resources */ = {isa = PBXBuildFile; fileRef = 1F9484641FB4400300110FED /* drink_52.jpg */; };
		1F9484B61FB4400400110FED /* drink_53.jpg in Resources */ = {isa = PBXBuildFile; fileRef = 1F9484651FB4400300110FED /* drink_53.jpg */; };
		1F9484B71FB4400400110FED /* drink_54.jpg in Resources */ = {isa = PBXBuildFile; fileRef = 1F9484661FB4400300110FED /* drink_54.jpg */; };
		1F9484B81FB4400400110FED /* drink_55.jpg in Resources */ = {isa = PBXBuildFile; fileRef = 1F9484671FB4400300110FED /* drink_55.jpg */; };
		1F9484B91FB4400400110FED /* drink_56.jpg in Resources */ = {isa = PBXBuildFile; fileRef = 1F9484681FB4400300110FED /* drink_56.jpg */; };
		1F9484BA1FB4400400110FED /* drink_57.jpg in Resources */ = {isa = PBXBuildFile; fileRef = 1F9484691FB4400300110FED /* drink_57.jpg */; };
		1F9484BB1FB4400400110FED /* drink_58.jpg in Resources */ = {isa = PBXBuildFile; fileRef = 1F94846A1FB4400300110FED /* drink_58.jpg */; };
		1F9484BC1FB4400400110FED /* drink_59.jpg in Resources */ = {isa = PBXBuildFile; fileRef = 1F94846B1FB4400300110FED /* drink_59.jpg */; };
		1F9484BD1FB4400400110FED /* drink_60.jpg in Resources */ = {isa = PBXBuildFile; fileRef = 1F94846C1FB4400400110FED /* drink_60.jpg */; };
		1F9484BE1FB4400400110FED /* drink_61.jpg in Resources */ = {isa = PBXBuildFile; fileRef = 1F94846D1FB4400400110FED /* drink_61.jpg */; };
		1F9484BF1FB4400400110FED /* drink_62.jpg in Resources */ = {isa = PBXBuildFile; fileRef = 1F94846E1FB4400400110FED /* drink_62.jpg */; };
		1F9484C01FB4400400110FED /* drink_63.jpg in Resources */ = {isa = PBXBuildFile; fileRef = 1F94846F1FB4400400110FED /* drink_63.jpg */; };
		1F9484C11FB4400400110FED /* drink_64.jpg in Resources */ = {isa = PBXBuildFile; fileRef = 1F9484701FB4400400110FED /* drink_64.jpg */; };
		1F9484C21FB4400400110FED /* drink_65.jpg in Resources */ = {isa = PBXBuildFile; fileRef = 1F9484711FB4400400110FED /* drink_65.jpg */; };
		1F9484C31FB4400400110FED /* drink_66.jpg in Resources */ = {isa = PBXBuildFile; fileRef = 1F9484721FB4400400110FED /* drink_66.jpg */; };
		1F9484C41FB4400400110FED /* drink_67.jpg in Resources */ = {isa = PBXBuildFile; fileRef = 1F9484731FB4400400110FED /* drink_67.jpg */; };
		1F9484C51FB4400400110FED /* drink_68.jpg in Resources */ = {isa = PBXBuildFile; fileRef = 1F9484741FB4400400110FED /* drink_68.jpg */; };
		1F9484C61FB4400400110FED /* drink_69.jpg in Resources */ = {isa = PBXBuildFile; fileRef = 1F9484751FB4400400110FED /* drink_69.jpg */; };
		1F9484C71FB4400400110FED /* drink_70.jpg in Resources */ = {isa = PBXBuildFile; fileRef = 1F9484761FB4400400110FED /* drink_70.jpg */; };
		1F9484C81FB4400400110FED /* drink_71.jpg in Resources */ = {isa = PBXBuildFile; fileRef = 1F9484771FB4400400110FED /* drink_71.jpg */; };
		1F9484C91FB4400400110FED /* drink_72.jpg in Resources */ = {isa = PBXBuildFile; fileRef = 1F9484781FB4400400110FED /* drink_72.jpg */; };
		1F9484CA1FB4400400110FED /* drink_73.jpg in Resources */ = {isa = PBXBuildFile; fileRef = 1F9484791FB4400400110FED /* drink_73.jpg */; };
		1F9484CB1FB4400400110FED /* drink_74.jpg in Resources */ = {isa = PBXBuildFile; fileRef = 1F94847A1FB4400400110FED /* drink_74.jpg */; };
		1F9484CC1FB4400400110FED /* drink_75.jpg in Resources */ = {isa = PBXBuildFile; fileRef = 1F94847B1FB4400400110FED /* drink_75.jpg */; };
		1F9484CD1FB4400400110FED /* drink_76.jpg in Resources */ = {isa = PBXBuildFile; fileRef = 1F94847C1FB4400400110FED /* drink_76.jpg */; };
		1F9484CE1FB4400400110FED /* drink_77.jpg in Resources */ = {isa = PBXBuildFile; fileRef = 1F94847D1FB4400400110FED /* drink_77.jpg */; };
		1F9484CF1FB4400400110FED /* drink_78.jpg in Resources */ = {isa = PBXBuildFile; fileRef = 1F94847E1FB4400400110FED /* drink_78.jpg */; };
		1F9484D01FB4400400110FED /* drink_79.jpg in Resources */ = {isa = PBXBuildFile; fileRef = 1F94847F1FB4400400110FED /* drink_79.jpg */; };
		1F9484D11FB4400400110FED /* drink_80.jpg in Resources */ = {isa = PBXBuildFile; fileRef = 1F9484801FB4400400110FED /* drink_80.jpg */; };
		1FD2122E1FB185AD008F99BF /* AnimationViewController.swift in Sources */ = {isa = PBXBuildFile; fileRef = 1FD2122D1FB185AD008F99BF /* AnimationViewController.swift */; };
		1FD212321FB1999C008F99BF /* UIImage+Extension.swift in Sources */ = {isa = PBXBuildFile; fileRef = 1FD212311FB1999B008F99BF /* UIImage+Extension.swift */; };
		1FD212341FB1B6E5008F99BF /* 0757565255b62fc.png in Resources */ = {isa = PBXBuildFile; fileRef = 1FD212331FB1B6E5008F99BF /* 0757565255b62fc.png */; };
		1FE4F81E1F9D95E5002412E7 /* CSHTTPTool.swift in Sources */ = {isa = PBXBuildFile; fileRef = 1FE4F8141F9D95E4002412E7 /* CSHTTPTool.swift */; };
		1FE4F81F1F9D95E5002412E7 /* DemoViewController.swift in Sources */ = {isa = PBXBuildFile; fileRef = 1FE4F8151F9D95E4002412E7 /* DemoViewController.swift */; };
		1FE4F8201F9D95E5002412E7 /* ThreadViewController.swift in Sources */ = {isa = PBXBuildFile; fileRef = 1FE4F8171F9D95E4002412E7 /* ThreadViewController.swift */; };
		1FE4F8211F9D95E5002412E7 /* LoginViewController.swift in Sources */ = {isa = PBXBuildFile; fileRef = 1FE4F8191F9D95E4002412E7 /* LoginViewController.swift */; };
		1FE4F8221F9D95E5002412E7 /* DataBaseViewController.swift in Sources */ = {isa = PBXBuildFile; fileRef = 1FE4F81B1F9D95E4002412E7 /* DataBaseViewController.swift */; };
		1FE4F8231F9D95E5002412E7 /* RealmDealViewController.swift in Sources */ = {isa = PBXBuildFile; fileRef = 1FE4F81C1F9D95E4002412E7 /* RealmDealViewController.swift */; };
		1FE4F8241F9D95E5002412E7 /* SQLiteManager.swift in Sources */ = {isa = PBXBuildFile; fileRef = 1FE4F81D1F9D95E4002412E7 /* SQLiteManager.swift */; };
		1FE4F8381F9DE6F6002412E7 /* TableNameAndKinds.swift in Sources */ = {isa = PBXBuildFile; fileRef = 1FE4F8371F9DE6F6002412E7 /* TableNameAndKinds.swift */; };
		6ADD54CDE3DB3C491CE6342A /* Pods_Test.framework in Frameworks */ = {isa = PBXBuildFile; fileRef = F80E265588C3818EC30288D0 /* Pods_Test.framework */; };
		DB481D8A23D59F9100CC5D89 /* RXNormalViewController.swift in Sources */ = {isa = PBXBuildFile; fileRef = DB481D8923D59F9100CC5D89 /* RXNormalViewController.swift */; };
		DB481D9C23D5A10600CC5D89 /* RXBaseKnowViewController.swift in Sources */ = {isa = PBXBuildFile; fileRef = DB481D8E23D5A10500CC5D89 /* RXBaseKnowViewController.swift */; };
		DB481D9D23D5A10600CC5D89 /* RXObservableOneViewController.swift in Sources */ = {isa = PBXBuildFile; fileRef = DB481D8F23D5A10500CC5D89 /* RXObservableOneViewController.swift */; };
		DB481D9E23D5A10600CC5D89 /* RXThreeViewController.swift in Sources */ = {isa = PBXBuildFile; fileRef = DB481D9023D5A10500CC5D89 /* RXThreeViewController.swift */; };
		DB481D9F23D5A10600CC5D89 /* RXObservableCreateVC.swift in Sources */ = {isa = PBXBuildFile; fileRef = DB481D9123D5A10500CC5D89 /* RXObservableCreateVC.swift */; };
		DB481DA023D5A10600CC5D89 /* RXObservableSubscribeViewController.swift in Sources */ = {isa = PBXBuildFile; fileRef = DB481D9223D5A10500CC5D89 /* RXObservableSubscribeViewController.swift */; };
		DB481DA123D5A10600CC5D89 /* RXObservableTwoViewController.swift in Sources */ = {isa = PBXBuildFile; fileRef = DB481D9323D5A10500CC5D89 /* RXObservableTwoViewController.swift */; };
		DB481DA323D5A10600CC5D89 /* content.json in Resources */ = {isa = PBXBuildFile; fileRef = DB481D9523D5A10500CC5D89 /* content.json */; };
		DB481DA723D5A10600CC5D89 /* ListModel.swift in Sources */ = {isa = PBXBuildFile; fileRef = DB481D9923D5A10500CC5D89 /* ListModel.swift */; };
		DB481DA923D5A14400CC5D89 /* 3788243-617bee7b94fd1613.jpg in Resources */ = {isa = PBXBuildFile; fileRef = DB481DA823D5A14300CC5D89 /* 3788243-617bee7b94fd1613.jpg */; };
		DB481DAB23D5A80800CC5D89 /* RXTransDealViewController.swift in Sources */ = {isa = PBXBuildFile; fileRef = DB481DAA23D5A80800CC5D89 /* RXTransDealViewController.swift */; };
/* End PBXBuildFile section */

/* Begin PBXCopyFilesBuildPhase section */
		1F69CBDD1F9894CE00DC9564 /* Embed Frameworks */ = {
			isa = PBXCopyFilesBuildPhase;
			buildActionMask = 2147483647;
			dstPath = "";
			dstSubfolderSpec = 10;
			files = (
			);
			name = "Embed Frameworks";
			runOnlyForDeploymentPostprocessing = 0;
		};
/* End PBXCopyFilesBuildPhase section */

/* Begin PBXFileReference section */
		016820007FF48D93DAEC674D /* Pods-Test.release.xcconfig */ = {isa = PBXFileReference; includeInIndex = 1; lastKnownFileType = text.xcconfig; name = "Pods-Test.release.xcconfig"; path = "Pods/Target Support Files/Pods-Test/Pods-Test.release.xcconfig"; sourceTree = "<group>"; };
		1F4E5EBD1F78E3BC00F1E08E /* Test.app */ = {isa = PBXFileReference; explicitFileType = wrapper.application; includeInIndex = 0; path = Test.app; sourceTree = BUILT_PRODUCTS_DIR; };
		1F4E5EC01F78E3BD00F1E08E /* AppDelegate.swift */ = {isa = PBXFileReference; lastKnownFileType = sourcecode.swift; path = AppDelegate.swift; sourceTree = "<group>"; };
		1F4E5EC21F78E3BD00F1E08E /* ViewController.swift */ = {isa = PBXFileReference; lastKnownFileType = sourcecode.swift; path = ViewController.swift; sourceTree = "<group>"; };
		1F4E5EC51F78E3BD00F1E08E /* Base */ = {isa = PBXFileReference; lastKnownFileType = file.storyboard; name = Base; path = Base.lproj/Main.storyboard; sourceTree = "<group>"; };
		1F4E5EC71F78E3BE00F1E08E /* Assets.xcassets */ = {isa = PBXFileReference; lastKnownFileType = folder.assetcatalog; path = Assets.xcassets; sourceTree = "<group>"; };
		1F4E5ECA1F78E3BE00F1E08E /* Base */ = {isa = PBXFileReference; lastKnownFileType = file.storyboard; name = Base; path = Base.lproj/LaunchScreen.storyboard; sourceTree = "<group>"; };
		1F4E5ECC1F78E3BE00F1E08E /* Info.plist */ = {isa = PBXFileReference; lastKnownFileType = text.plist.xml; path = Info.plist; sourceTree = "<group>"; };
		1F69CBE21F98CA7200DC9564 /* ImageClass.swift */ = {isa = PBXFileReference; lastKnownFileType = sourcecode.swift; path = ImageClass.swift; sourceTree = "<group>"; };
		1F9484301FB4400300110FED /* drink_00.jpg */ = {isa = PBXFileReference; lastKnownFileType = image.jpeg; path = drink_00.jpg; sourceTree = "<group>"; };
		1F9484311FB4400300110FED /* drink_01.jpg */ = {isa = PBXFileReference; lastKnownFileType = image.jpeg; path = drink_01.jpg; sourceTree = "<group>"; };
		1F9484321FB4400300110FED /* drink_02.jpg */ = {isa = PBXFileReference; lastKnownFileType = image.jpeg; path = drink_02.jpg; sourceTree = "<group>"; };
		1F9484331FB4400300110FED /* drink_03.jpg */ = {isa = PBXFileReference; lastKnownFileType = image.jpeg; path = drink_03.jpg; sourceTree = "<group>"; };
		1F9484341FB4400300110FED /* drink_04.jpg */ = {isa = PBXFileReference; lastKnownFileType = image.jpeg; path = drink_04.jpg; sourceTree = "<group>"; };
		1F9484351FB4400300110FED /* drink_05.jpg */ = {isa = PBXFileReference; lastKnownFileType = image.jpeg; path = drink_05.jpg; sourceTree = "<group>"; };
		1F9484361FB4400300110FED /* drink_06.jpg */ = {isa = PBXFileReference; lastKnownFileType = image.jpeg; path = drink_06.jpg; sourceTree = "<group>"; };
		1F9484371FB4400300110FED /* drink_07.jpg */ = {isa = PBXFileReference; lastKnownFileType = image.jpeg; path = drink_07.jpg; sourceTree = "<group>"; };
		1F9484381FB4400300110FED /* drink_08.jpg */ = {isa = PBXFileReference; lastKnownFileType = image.jpeg; path = drink_08.jpg; sourceTree = "<group>"; };
		1F9484391FB4400300110FED /* drink_09.jpg */ = {isa = PBXFileReference; lastKnownFileType = image.jpeg; path = drink_09.jpg; sourceTree = "<group>"; };
		1F94843A1FB4400300110FED /* drink_10.jpg */ = {isa = PBXFileReference; lastKnownFileType = image.jpeg; path = drink_10.jpg; sourceTree = "<group>"; };
		1F94843B1FB4400300110FED /* drink_11.jpg */ = {isa = PBXFileReference; lastKnownFileType = image.jpeg; path = drink_11.jpg; sourceTree = "<group>"; };
		1F94843C1FB4400300110FED /* drink_12.jpg */ = {isa = PBXFileReference; lastKnownFileType = image.jpeg; path = drink_12.jpg; sourceTree = "<group>"; };
		1F94843D1FB4400300110FED /* drink_13.jpg */ = {isa = PBXFileReference; lastKnownFileType = image.jpeg; path = drink_13.jpg; sourceTree = "<group>"; };
		1F94843E1FB4400300110FED /* drink_14.jpg */ = {isa = PBXFileReference; lastKnownFileType = image.jpeg; path = drink_14.jpg; sourceTree = "<group>"; };
		1F94843F1FB4400300110FED /* drink_15.jpg */ = {isa = PBXFileReference; lastKnownFileType = image.jpeg; path = drink_15.jpg; sourceTree = "<group>"; };
		1F9484401FB4400300110FED /* drink_16.jpg */ = {isa = PBXFileReference; lastKnownFileType = image.jpeg; path = drink_16.jpg; sourceTree = "<group>"; };
		1F9484411FB4400300110FED /* drink_17.jpg */ = {isa = PBXFileReference; lastKnownFileType = image.jpeg; path = drink_17.jpg; sourceTree = "<group>"; };
		1F9484421FB4400300110FED /* drink_18.jpg */ = {isa = PBXFileReference; lastKnownFileType = image.jpeg; path = drink_18.jpg; sourceTree = "<group>"; };
		1F9484431FB4400300110FED /* drink_19.jpg */ = {isa = PBXFileReference; lastKnownFileType = image.jpeg; path = drink_19.jpg; sourceTree = "<group>"; };
		1F9484441FB4400300110FED /* drink_20.jpg */ = {isa = PBXFileReference; lastKnownFileType = image.jpeg; path = drink_20.jpg; sourceTree = "<group>"; };
		1F9484451FB4400300110FED /* drink_21.jpg */ = {isa = PBXFileReference; lastKnownFileType = image.jpeg; path = drink_21.jpg; sourceTree = "<group>"; };
		1F9484461FB4400300110FED /* drink_22.jpg */ = {isa = PBXFileReference; lastKnownFileType = image.jpeg; path = drink_22.jpg; sourceTree = "<group>"; };
		1F9484471FB4400300110FED /* drink_23.jpg */ = {isa = PBXFileReference; lastKnownFileType = image.jpeg; path = drink_23.jpg; sourceTree = "<group>"; };
		1F9484481FB4400300110FED /* drink_24.jpg */ = {isa = PBXFileReference; lastKnownFileType = image.jpeg; path = drink_24.jpg; sourceTree = "<group>"; };
		1F9484491FB4400300110FED /* drink_25.jpg */ = {isa = PBXFileReference; lastKnownFileType = image.jpeg; path = drink_25.jpg; sourceTree = "<group>"; };
		1F94844A1FB4400300110FED /* drink_26.jpg */ = {isa = PBXFileReference; lastKnownFileType = image.jpeg; path = drink_26.jpg; sourceTree = "<group>"; };
		1F94844B1FB4400300110FED /* drink_27.jpg */ = {isa = PBXFileReference; lastKnownFileType = image.jpeg; path = drink_27.jpg; sourceTree = "<group>"; };
		1F94844C1FB4400300110FED /* drink_28.jpg */ = {isa = PBXFileReference; lastKnownFileType = image.jpeg; path = drink_28.jpg; sourceTree = "<group>"; };
		1F94844D1FB4400300110FED /* drink_29.jpg */ = {isa = PBXFileReference; lastKnownFileType = image.jpeg; path = drink_29.jpg; sourceTree = "<group>"; };
		1F94844E1FB4400300110FED /* drink_30.jpg */ = {isa = PBXFileReference; lastKnownFileType = image.jpeg; path = drink_30.jpg; sourceTree = "<group>"; };
		1F94844F1FB4400300110FED /* drink_31.jpg */ = {isa = PBXFileReference; lastKnownFileType = image.jpeg; path = drink_31.jpg; sourceTree = "<group>"; };
		1F9484501FB4400300110FED /* drink_32.jpg */ = {isa = PBXFileReference; lastKnownFileType = image.jpeg; path = drink_32.jpg; sourceTree = "<group>"; };
		1F9484511FB4400300110FED /* drink_33.jpg */ = {isa = PBXFileReference; lastKnownFileType = image.jpeg; path = drink_33.jpg; sourceTree = "<group>"; };
		1F9484521FB4400300110FED /* drink_34.jpg */ = {isa = PBXFileReference; lastKnownFileType = image.jpeg; path = drink_34.jpg; sourceTree = "<group>"; };
		1F9484531FB4400300110FED /* drink_35.jpg */ = {isa = PBXFileReference; lastKnownFileType = image.jpeg; path = drink_35.jpg; sourceTree = "<group>"; };
		1F9484541FB4400300110FED /* drink_36.jpg */ = {isa = PBXFileReference; lastKnownFileType = image.jpeg; path = drink_36.jpg; sourceTree = "<group>"; };
		1F9484551FB4400300110FED /* drink_37.jpg */ = {isa = PBXFileReference; lastKnownFileType = image.jpeg; path = drink_37.jpg; sourceTree = "<group>"; };
		1F9484561FB4400300110FED /* drink_38.jpg */ = {isa = PBXFileReference; lastKnownFileType = image.jpeg; path = drink_38.jpg; sourceTree = "<group>"; };
		1F9484571FB4400300110FED /* drink_39.jpg */ = {isa = PBXFileReference; lastKnownFileType = image.jpeg; path = drink_39.jpg; sourceTree = "<group>"; };
		1F9484581FB4400300110FED /* drink_40.jpg */ = {isa = PBXFileReference; lastKnownFileType = image.jpeg; path = drink_40.jpg; sourceTree = "<group>"; };
		1F9484591FB4400300110FED /* drink_41.jpg */ = {isa = PBXFileReference; lastKnownFileType = image.jpeg; path = drink_41.jpg; sourceTree = "<group>"; };
		1F94845A1FB4400300110FED /* drink_42.jpg */ = {isa = PBXFileReference; lastKnownFileType = image.jpeg; path = drink_42.jpg; sourceTree = "<group>"; };
		1F94845B1FB4400300110FED /* drink_43.jpg */ = {isa = PBXFileReference; lastKnownFileType = image.jpeg; path = drink_43.jpg; sourceTree = "<group>"; };
		1F94845C1FB4400300110FED /* drink_44.jpg */ = {isa = PBXFileReference; lastKnownFileType = image.jpeg; path = drink_44.jpg; sourceTree = "<group>"; };
		1F94845D1FB4400300110FED /* drink_45.jpg */ = {isa = PBXFileReference; lastKnownFileType = image.jpeg; path = drink_45.jpg; sourceTree = "<group>"; };
		1F94845E1FB4400300110FED /* drink_46.jpg */ = {isa = PBXFileReference; lastKnownFileType = image.jpeg; path = drink_46.jpg; sourceTree = "<group>"; };
		1F94845F1FB4400300110FED /* drink_47.jpg */ = {isa = PBXFileReference; lastKnownFileType = image.jpeg; path = drink_47.jpg; sourceTree = "<group>"; };
		1F9484601FB4400300110FED /* drink_48.jpg */ = {isa = PBXFileReference; lastKnownFileType = image.jpeg; path = drink_48.jpg; sourceTree = "<group>"; };
		1F9484611FB4400300110FED /* drink_49.jpg */ = {isa = PBXFileReference; lastKnownFileType = image.jpeg; path = drink_49.jpg; sourceTree = "<group>"; };
		1F9484621FB4400300110FED /* drink_50.jpg */ = {isa = PBXFileReference; lastKnownFileType = image.jpeg; path = drink_50.jpg; sourceTree = "<group>"; };
		1F9484631FB4400300110FED /* drink_51.jpg */ = {isa = PBXFileReference; lastKnownFileType = image.jpeg; path = drink_51.jpg; sourceTree = "<group>"; };
		1F9484641FB4400300110FED /* drink_52.jpg */ = {isa = PBXFileReference; lastKnownFileType = image.jpeg; path = drink_52.jpg; sourceTree = "<group>"; };
		1F9484651FB4400300110FED /* drink_53.jpg */ = {isa = PBXFileReference; lastKnownFileType = image.jpeg; path = drink_53.jpg; sourceTree = "<group>"; };
		1F9484661FB4400300110FED /* drink_54.jpg */ = {isa = PBXFileReference; lastKnownFileType = image.jpeg; path = drink_54.jpg; sourceTree = "<group>"; };
		1F9484671FB4400300110FED /* drink_55.jpg */ = {isa = PBXFileReference; lastKnownFileType = image.jpeg; path = drink_55.jpg; sourceTree = "<group>"; };
		1F9484681FB4400300110FED /* drink_56.jpg */ = {isa = PBXFileReference; lastKnownFileType = image.jpeg; path = drink_56.jpg; sourceTree = "<group>"; };
		1F9484691FB4400300110FED /* drink_57.jpg */ = {isa = PBXFileReference; lastKnownFileType = image.jpeg; path = drink_57.jpg; sourceTree = "<group>"; };
		1F94846A1FB4400300110FED /* drink_58.jpg */ = {isa = PBXFileReference; lastKnownFileType = image.jpeg; path = drink_58.jpg; sourceTree = "<group>"; };
		1F94846B1FB4400300110FED /* drink_59.jpg */ = {isa = PBXFileReference; lastKnownFileType = image.jpeg; path = drink_59.jpg; sourceTree = "<group>"; };
		1F94846C1FB4400400110FED /* drink_60.jpg */ = {isa = PBXFileReference; lastKnownFileType = image.jpeg; path = drink_60.jpg; sourceTree = "<group>"; };
		1F94846D1FB4400400110FED /* drink_61.jpg */ = {isa = PBXFileReference; lastKnownFileType = image.jpeg; path = drink_61.jpg; sourceTree = "<group>"; };
		1F94846E1FB4400400110FED /* drink_62.jpg */ = {isa = PBXFileReference; lastKnownFileType = image.jpeg; path = drink_62.jpg; sourceTree = "<group>"; };
		1F94846F1FB4400400110FED /* drink_63.jpg */ = {isa = PBXFileReference; lastKnownFileType = image.jpeg; path = drink_63.jpg; sourceTree = "<group>"; };
		1F9484701FB4400400110FED /* drink_64.jpg */ = {isa = PBXFileReference; lastKnownFileType = image.jpeg; path = drink_64.jpg; sourceTree = "<group>"; };
		1F9484711FB4400400110FED /* drink_65.jpg */ = {isa = PBXFileReference; lastKnownFileType = image.jpeg; path = drink_65.jpg; sourceTree = "<group>"; };
		1F9484721FB4400400110FED /* drink_66.jpg */ = {isa = PBXFileReference; lastKnownFileType = image.jpeg; path = drink_66.jpg; sourceTree = "<group>"; };
		1F9484731FB4400400110FED /* drink_67.jpg */ = {isa = PBXFileReference; lastKnownFileType = image.jpeg; path = drink_67.jpg; sourceTree = "<group>"; };
		1F9484741FB4400400110FED /* drink_68.jpg */ = {isa = PBXFileReference; lastKnownFileType = image.jpeg; path = drink_68.jpg; sourceTree = "<group>"; };
		1F9484751FB4400400110FED /* drink_69.jpg */ = {isa = PBXFileReference; lastKnownFileType = image.jpeg; path = drink_69.jpg; sourceTree = "<group>"; };
		1F9484761FB4400400110FED /* drink_70.jpg */ = {isa = PBXFileReference; lastKnownFileType = image.jpeg; path = drink_70.jpg; sourceTree = "<group>"; };
		1F9484771FB4400400110FED /* drink_71.jpg */ = {isa = PBXFileReference; lastKnownFileType = image.jpeg; path = drink_71.jpg; sourceTree = "<group>"; };
		1F9484781FB4400400110FED /* drink_72.jpg */ = {isa = PBXFileReference; lastKnownFileType = image.jpeg; path = drink_72.jpg; sourceTree = "<group>"; };
		1F9484791FB4400400110FED /* drink_73.jpg */ = {isa = PBXFileReference; lastKnownFileType = image.jpeg; path = drink_73.jpg; sourceTree = "<group>"; };
		1F94847A1FB4400400110FED /* drink_74.jpg */ = {isa = PBXFileReference; lastKnownFileType = image.jpeg; path = drink_74.jpg; sourceTree = "<group>"; };
		1F94847B1FB4400400110FED /* drink_75.jpg */ = {isa = PBXFileReference; lastKnownFileType = image.jpeg; path = drink_75.jpg; sourceTree = "<group>"; };
		1F94847C1FB4400400110FED /* drink_76.jpg */ = {isa = PBXFileReference; lastKnownFileType = image.jpeg; path = drink_76.jpg; sourceTree = "<group>"; };
		1F94847D1FB4400400110FED /* drink_77.jpg */ = {isa = PBXFileReference; lastKnownFileType = image.jpeg; path = drink_77.jpg; sourceTree = "<group>"; };
		1F94847E1FB4400400110FED /* drink_78.jpg */ = {isa = PBXFileReference; lastKnownFileType = image.jpeg; path = drink_78.jpg; sourceTree = "<group>"; };
		1F94847F1FB4400400110FED /* drink_79.jpg */ = {isa = PBXFileReference; lastKnownFileType = image.jpeg; path = drink_79.jpg; sourceTree = "<group>"; };
		1F9484801FB4400400110FED /* drink_80.jpg */ = {isa = PBXFileReference; lastKnownFileType = image.jpeg; path = drink_80.jpg; sourceTree = "<group>"; };
		1FD2122D1FB185AD008F99BF /* AnimationViewController.swift */ = {isa = PBXFileReference; lastKnownFileType = sourcecode.swift; path = AnimationViewController.swift; sourceTree = "<group>"; };
		1FD212311FB1999B008F99BF /* UIImage+Extension.swift */ = {isa = PBXFileReference; fileEncoding = 4; lastKnownFileType = sourcecode.swift; path = "UIImage+Extension.swift"; sourceTree = "<group>"; };
		1FD212331FB1B6E5008F99BF /* 0757565255b62fc.png */ = {isa = PBXFileReference; lastKnownFileType = image.png; path = 0757565255b62fc.png; sourceTree = "<group>"; };
		1FE4F8141F9D95E4002412E7 /* CSHTTPTool.swift */ = {isa = PBXFileReference; fileEncoding = 4; lastKnownFileType = sourcecode.swift; path = CSHTTPTool.swift; sourceTree = "<group>"; };
		1FE4F8151F9D95E4002412E7 /* DemoViewController.swift */ = {isa = PBXFileReference; fileEncoding = 4; lastKnownFileType = sourcecode.swift; path = DemoViewController.swift; sourceTree = "<group>"; };
		1FE4F8171F9D95E4002412E7 /* ThreadViewController.swift */ = {isa = PBXFileReference; fileEncoding = 4; lastKnownFileType = sourcecode.swift; path = ThreadViewController.swift; sourceTree = "<group>"; };
		1FE4F8191F9D95E4002412E7 /* LoginViewController.swift */ = {isa = PBXFileReference; fileEncoding = 4; lastKnownFileType = sourcecode.swift; path = LoginViewController.swift; sourceTree = "<group>"; };
		1FE4F81B1F9D95E4002412E7 /* DataBaseViewController.swift */ = {isa = PBXFileReference; fileEncoding = 4; lastKnownFileType = sourcecode.swift; path = DataBaseViewController.swift; sourceTree = "<group>"; };
		1FE4F81C1F9D95E4002412E7 /* RealmDealViewController.swift */ = {isa = PBXFileReference; fileEncoding = 4; lastKnownFileType = sourcecode.swift; path = RealmDealViewController.swift; sourceTree = "<group>"; };
		1FE4F81D1F9D95E4002412E7 /* SQLiteManager.swift */ = {isa = PBXFileReference; fileEncoding = 4; lastKnownFileType = sourcecode.swift; path = SQLiteManager.swift; sourceTree = "<group>"; };
		1FE4F8371F9DE6F6002412E7 /* TableNameAndKinds.swift */ = {isa = PBXFileReference; lastKnownFileType = sourcecode.swift; path = TableNameAndKinds.swift; sourceTree = "<group>"; };
		574ABE440DFD9B74B9498AC7 /* Pods-Test.debug.xcconfig */ = {isa = PBXFileReference; includeInIndex = 1; lastKnownFileType = text.xcconfig; name = "Pods-Test.debug.xcconfig"; path = "Pods/Target Support Files/Pods-Test/Pods-Test.debug.xcconfig"; sourceTree = "<group>"; };
		DB481D8923D59F9100CC5D89 /* RXNormalViewController.swift */ = {isa = PBXFileReference; lastKnownFileType = sourcecode.swift; path = RXNormalViewController.swift; sourceTree = "<group>"; };
		DB481D8E23D5A10500CC5D89 /* RXBaseKnowViewController.swift */ = {isa = PBXFileReference; fileEncoding = 4; lastKnownFileType = sourcecode.swift; path = RXBaseKnowViewController.swift; sourceTree = "<group>"; };
		DB481D8F23D5A10500CC5D89 /* RXObservableOneViewController.swift */ = {isa = PBXFileReference; fileEncoding = 4; lastKnownFileType = sourcecode.swift; path = RXObservableOneViewController.swift; sourceTree = "<group>"; };
		DB481D9023D5A10500CC5D89 /* RXThreeViewController.swift */ = {isa = PBXFileReference; fileEncoding = 4; lastKnownFileType = sourcecode.swift; path = RXThreeViewController.swift; sourceTree = "<group>"; };
		DB481D9123D5A10500CC5D89 /* RXObservableCreateVC.swift */ = {isa = PBXFileReference; fileEncoding = 4; lastKnownFileType = sourcecode.swift; path = RXObservableCreateVC.swift; sourceTree = "<group>"; };
		DB481D9223D5A10500CC5D89 /* RXObservableSubscribeViewController.swift */ = {isa = PBXFileReference; fileEncoding = 4; lastKnownFileType = sourcecode.swift; path = RXObservableSubscribeViewController.swift; sourceTree = "<group>"; };
		DB481D9323D5A10500CC5D89 /* RXObservableTwoViewController.swift */ = {isa = PBXFileReference; fileEncoding = 4; lastKnownFileType = sourcecode.swift; path = RXObservableTwoViewController.swift; sourceTree = "<group>"; };
		DB481D9523D5A10500CC5D89 /* content.json */ = {isa = PBXFileReference; fileEncoding = 4; lastKnownFileType = text.json; path = content.json; sourceTree = "<group>"; };
		DB481D9923D5A10500CC5D89 /* ListModel.swift */ = {isa = PBXFileReference; fileEncoding = 4; lastKnownFileType = sourcecode.swift; path = ListModel.swift; sourceTree = "<group>"; };
		DB481DA823D5A14300CC5D89 /* 3788243-617bee7b94fd1613.jpg */ = {isa = PBXFileReference; lastKnownFileType = image.jpeg; path = "3788243-617bee7b94fd1613.jpg"; sourceTree = "<group>"; };
		DB481DAA23D5A80800CC5D89 /* RXTransDealViewController.swift */ = {isa = PBXFileReference; lastKnownFileType = sourcecode.swift; path = RXTransDealViewController.swift; sourceTree = "<group>"; };
		F80E265588C3818EC30288D0 /* Pods_Test.framework */ = {isa = PBXFileReference; explicitFileType = wrapper.framework; includeInIndex = 0; path = Pods_Test.framework; sourceTree = BUILT_PRODUCTS_DIR; };
/* End PBXFileReference section */

/* Begin PBXFrameworksBuildPhase section */
		1F4E5EBA1F78E3BC00F1E08E /* Frameworks */ = {
			isa = PBXFrameworksBuildPhase;
			buildActionMask = 2147483647;
			files = (
				6ADD54CDE3DB3C491CE6342A /* Pods_Test.framework in Frameworks */,
			);
			runOnlyForDeploymentPostprocessing = 0;
		};
/* End PBXFrameworksBuildPhase section */

/* Begin PBXGroup section */
		1D2549342C96484C38E975E7 /* Pods */ = {
			isa = PBXGroup;
			children = (
				574ABE440DFD9B74B9498AC7 /* Pods-Test.debug.xcconfig */,
				016820007FF48D93DAEC674D /* Pods-Test.release.xcconfig */,
			);
			name = Pods;
			sourceTree = "<group>";
		};
		1F4E5EB41F78E3BC00F1E08E = {
			isa = PBXGroup;
			children = (
				1F4E5EBF1F78E3BC00F1E08E /* Test */,
				1F4E5EBE1F78E3BC00F1E08E /* Products */,
				1D2549342C96484C38E975E7 /* Pods */,
				296B1B9318757AD744339D60 /* Frameworks */,
			);
			sourceTree = "<group>";
		};
		1F4E5EBE1F78E3BC00F1E08E /* Products */ = {
			isa = PBXGroup;
			children = (
				1F4E5EBD1F78E3BC00F1E08E /* Test.app */,
			);
			name = Products;
			sourceTree = "<group>";
		};
		1F4E5EBF1F78E3BC00F1E08E /* Test */ = {
			isa = PBXGroup;
			children = (
				1F4E5EC01F78E3BD00F1E08E /* AppDelegate.swift */,
				1F4E5EC21F78E3BD00F1E08E /* ViewController.swift */,
				1F69CBE21F98CA7200DC9564 /* ImageClass.swift */,
				DB481D8823D59EF500CC5D89 /* RXSwiftDemo */,
				1FE4F8181F9D95E4002412E7 /* 登陆界面ui布局约束 */,
				1FE4F8131F9D95E4002412E7 /* 第三方约束以及请求 */,
				1FE4F8161F9D95E4002412E7 /* 多线程GCD */,
				1FE4F81A1F9D95E4002412E7 /* 数据库处理 */,
				1FD2122C1FB184FE008F99BF /* 动画效果 */,
				1F4E5EC41F78E3BD00F1E08E /* Main.storyboard */,
				1F4E5EC71F78E3BE00F1E08E /* Assets.xcassets */,
				1F4E5EC91F78E3BE00F1E08E /* LaunchScreen.storyboard */,
				1F4E5ECC1F78E3BE00F1E08E /* Info.plist */,
			);
			path = Test;
			sourceTree = "<group>";
		};
		1F94842F1FB4400300110FED /* drink1 */ = {
			isa = PBXGroup;
			children = (
				1F9484301FB4400300110FED /* drink_00.jpg */,
				1F9484311FB4400300110FED /* drink_01.jpg */,
				1F9484321FB4400300110FED /* drink_02.jpg */,
				1F9484331FB4400300110FED /* drink_03.jpg */,
				1F9484341FB4400300110FED /* drink_04.jpg */,
				1F9484351FB4400300110FED /* drink_05.jpg */,
				1F9484361FB4400300110FED /* drink_06.jpg */,
				1F9484371FB4400300110FED /* drink_07.jpg */,
				1F9484381FB4400300110FED /* drink_08.jpg */,
				1F9484391FB4400300110FED /* drink_09.jpg */,
				1F94843A1FB4400300110FED /* drink_10.jpg */,
				1F94843B1FB4400300110FED /* drink_11.jpg */,
				1F94843C1FB4400300110FED /* drink_12.jpg */,
				1F94843D1FB4400300110FED /* drink_13.jpg */,
				1F94843E1FB4400300110FED /* drink_14.jpg */,
				1F94843F1FB4400300110FED /* drink_15.jpg */,
				1F9484401FB4400300110FED /* drink_16.jpg */,
				1F9484411FB4400300110FED /* drink_17.jpg */,
				1F9484421FB4400300110FED /* drink_18.jpg */,
				1F9484431FB4400300110FED /* drink_19.jpg */,
				1F9484441FB4400300110FED /* drink_20.jpg */,
				1F9484451FB4400300110FED /* drink_21.jpg */,
				1F9484461FB4400300110FED /* drink_22.jpg */,
				1F9484471FB4400300110FED /* drink_23.jpg */,
				1F9484481FB4400300110FED /* drink_24.jpg */,
				1F9484491FB4400300110FED /* drink_25.jpg */,
				1F94844A1FB4400300110FED /* drink_26.jpg */,
				1F94844B1FB4400300110FED /* drink_27.jpg */,
				1F94844C1FB4400300110FED /* drink_28.jpg */,
				1F94844D1FB4400300110FED /* drink_29.jpg */,
				1F94844E1FB4400300110FED /* drink_30.jpg */,
				1F94844F1FB4400300110FED /* drink_31.jpg */,
				1F9484501FB4400300110FED /* drink_32.jpg */,
				1F9484511FB4400300110FED /* drink_33.jpg */,
				1F9484521FB4400300110FED /* drink_34.jpg */,
				1F9484531FB4400300110FED /* drink_35.jpg */,
				1F9484541FB4400300110FED /* drink_36.jpg */,
				1F9484551FB4400300110FED /* drink_37.jpg */,
				1F9484561FB4400300110FED /* drink_38.jpg */,
				1F9484571FB4400300110FED /* drink_39.jpg */,
				1F9484581FB4400300110FED /* drink_40.jpg */,
				1F9484591FB4400300110FED /* drink_41.jpg */,
				1F94845A1FB4400300110FED /* drink_42.jpg */,
				1F94845B1FB4400300110FED /* drink_43.jpg */,
				1F94845C1FB4400300110FED /* drink_44.jpg */,
				1F94845D1FB4400300110FED /* drink_45.jpg */,
				1F94845E1FB4400300110FED /* drink_46.jpg */,
				1F94845F1FB4400300110FED /* drink_47.jpg */,
				1F9484601FB4400300110FED /* drink_48.jpg */,
				1F9484611FB4400300110FED /* drink_49.jpg */,
				1F9484621FB4400300110FED /* drink_50.jpg */,
				1F9484631FB4400300110FED /* drink_51.jpg */,
				1F9484641FB4400300110FED /* drink_52.jpg */,
				1F9484651FB4400300110FED /* drink_53.jpg */,
				1F9484661FB4400300110FED /* drink_54.jpg */,
				1F9484671FB4400300110FED /* drink_55.jpg */,
				1F9484681FB4400300110FED /* drink_56.jpg */,
				1F9484691FB4400300110FED /* drink_57.jpg */,
				1F94846A1FB4400300110FED /* drink_58.jpg */,
				1F94846B1FB4400300110FED /* drink_59.jpg */,
				1F94846C1FB4400400110FED /* drink_60.jpg */,
				1F94846D1FB4400400110FED /* drink_61.jpg */,
				1F94846E1FB4400400110FED /* drink_62.jpg */,
				1F94846F1FB4400400110FED /* drink_63.jpg */,
				1F9484701FB4400400110FED /* drink_64.jpg */,
				1F9484711FB4400400110FED /* drink_65.jpg */,
				1F9484721FB4400400110FED /* drink_66.jpg */,
				1F9484731FB4400400110FED /* drink_67.jpg */,
				1F9484741FB4400400110FED /* drink_68.jpg */,
				1F9484751FB4400400110FED /* drink_69.jpg */,
				1F9484761FB4400400110FED /* drink_70.jpg */,
				1F9484771FB4400400110FED /* drink_71.jpg */,
				1F9484781FB4400400110FED /* drink_72.jpg */,
				1F9484791FB4400400110FED /* drink_73.jpg */,
				1F94847A1FB4400400110FED /* drink_74.jpg */,
				1F94847B1FB4400400110FED /* drink_75.jpg */,
				1F94847C1FB4400400110FED /* drink_76.jpg */,
				1F94847D1FB4400400110FED /* drink_77.jpg */,
				1F94847E1FB4400400110FED /* drink_78.jpg */,
				1F94847F1FB4400400110FED /* drink_79.jpg */,
				1F9484801FB4400400110FED /* drink_80.jpg */,
			);
			path = drink1;
			sourceTree = "<group>";
		};
		1FD2122C1FB184FE008F99BF /* 动画效果 */ = {
			isa = PBXGroup;
			children = (
				1FD212331FB1B6E5008F99BF /* 0757565255b62fc.png */,
				1F94842F1FB4400300110FED /* drink1 */,
				1FD2122D1FB185AD008F99BF /* AnimationViewController.swift */,
				1FD212311FB1999B008F99BF /* UIImage+Extension.swift */,
			);
			path = "动画效果";
			sourceTree = "<group>";
		};
		1FE4F8131F9D95E4002412E7 /* 第三方约束以及请求 */ = {
			isa = PBXGroup;
			children = (
				1FE4F8141F9D95E4002412E7 /* CSHTTPTool.swift */,
				1FE4F8151F9D95E4002412E7 /* DemoViewController.swift */,
			);
			path = "第三方约束以及请求";
			sourceTree = "<group>";
		};
		1FE4F8161F9D95E4002412E7 /* 多线程GCD */ = {
			isa = PBXGroup;
			children = (
				1FE4F8171F9D95E4002412E7 /* ThreadViewController.swift */,
			);
			path = "多线程GCD";
			sourceTree = "<group>";
		};
		1FE4F8181F9D95E4002412E7 /* 登陆界面ui布局约束 */ = {
			isa = PBXGroup;
			children = (
				1FE4F8191F9D95E4002412E7 /* LoginViewController.swift */,
			);
			path = "登陆界面ui布局约束";
			sourceTree = "<group>";
		};
		1FE4F81A1F9D95E4002412E7 /* 数据库处理 */ = {
			isa = PBXGroup;
			children = (
				1FE4F81B1F9D95E4002412E7 /* DataBaseViewController.swift */,
				1FE4F81D1F9D95E4002412E7 /* SQLiteManager.swift */,
				1FE4F81C1F9D95E4002412E7 /* RealmDealViewController.swift */,
				1FE4F8371F9DE6F6002412E7 /* TableNameAndKinds.swift */,
			);
			path = "数据库处理";
			sourceTree = "<group>";
		};
		296B1B9318757AD744339D60 /* Frameworks */ = {
			isa = PBXGroup;
			children = (
				F80E265588C3818EC30288D0 /* Pods_Test.framework */,
			);
			name = Frameworks;
			sourceTree = "<group>";
		};
		DB481D8823D59EF500CC5D89 /* RXSwiftDemo */ = {
			isa = PBXGroup;
			children = (
				DB481D8923D59F9100CC5D89 /* RXNormalViewController.swift */,
				DB481D9523D5A10500CC5D89 /* content.json */,
				DB481D9923D5A10500CC5D89 /* ListModel.swift */,
				DB481DA823D5A14300CC5D89 /* 3788243-617bee7b94fd1613.jpg */,
				DB481D8D23D5A10500CC5D89 /* seconContent */,
			);
			path = RXSwiftDemo;
			sourceTree = "<group>";
		};
		DB481D8D23D5A10500CC5D89 /* seconContent */ = {
			isa = PBXGroup;
			children = (
				DB481D8E23D5A10500CC5D89 /* RXBaseKnowViewController.swift */,
				DB481D9123D5A10500CC5D89 /* RXObservableCreateVC.swift */,
				DB481D9223D5A10500CC5D89 /* RXObservableSubscribeViewController.swift */,
				DB481D8F23D5A10500CC5D89 /* RXObservableOneViewController.swift */,
				DB481D9323D5A10500CC5D89 /* RXObservableTwoViewController.swift */,
				DB481D9023D5A10500CC5D89 /* RXThreeViewController.swift */,
				DB481DAA23D5A80800CC5D89 /* RXTransDealViewController.swift */,
			);
			path = seconContent;
			sourceTree = "<group>";
		};
/* End PBXGroup section */

/* Begin PBXNativeTarget section */
		1F4E5EBC1F78E3BC00F1E08E /* Test */ = {
			isa = PBXNativeTarget;
			buildConfigurationList = 1F4E5ECF1F78E3BE00F1E08E /* Build configuration list for PBXNativeTarget "Test" */;
			buildPhases = (
				642EA03425F99609B6AD4658 /* [CP] Check Pods Manifest.lock */,
				1F4E5EB91F78E3BC00F1E08E /* Sources */,
				1F4E5EBA1F78E3BC00F1E08E /* Frameworks */,
				1F4E5EBB1F78E3BC00F1E08E /* Resources */,
				2965E567F157A601077575D0 /* [CP] Embed Pods Frameworks */,
				1F69CBDD1F9894CE00DC9564 /* Embed Frameworks */,
			);
			buildRules = (
			);
			dependencies = (
			);
			name = Test;
			productName = Test;
			productReference = 1F4E5EBD1F78E3BC00F1E08E /* Test.app */;
			productType = "com.apple.product-type.application";
		};
/* End PBXNativeTarget section */

/* Begin PBXProject section */
		1F4E5EB51F78E3BC00F1E08E /* Project object */ = {
			isa = PBXProject;
			attributes = {
				LastSwiftUpdateCheck = 0900;
				LastUpgradeCheck = 0900;
				ORGANIZATIONNAME = "曹世鑫";
				TargetAttributes = {
					1F4E5EBC1F78E3BC00F1E08E = {
						CreatedOnToolsVersion = 9.0;
						LastSwiftMigration = 0900;
						ProvisioningStyle = Automatic;
					};
				};
			};
			buildConfigurationList = 1F4E5EB81F78E3BC00F1E08E /* Build configuration list for PBXProject "Test" */;
			compatibilityVersion = "Xcode 8.0";
			developmentRegion = en;
			hasScannedForEncodings = 0;
			knownRegions = (
				en,
				Base,
			);
			mainGroup = 1F4E5EB41F78E3BC00F1E08E;
			productRefGroup = 1F4E5EBE1F78E3BC00F1E08E /* Products */;
			projectDirPath = "";
			projectRoot = "";
			targets = (
				1F4E5EBC1F78E3BC00F1E08E /* Test */,
			);
		};
/* End PBXProject section */

/* Begin PBXResourcesBuildPhase section */
		1F4E5EBB1F78E3BC00F1E08E /* Resources */ = {
			isa = PBXResourcesBuildPhase;
			buildActionMask = 2147483647;
			files = (
				1F9484B41FB4400400110FED /* drink_51.jpg in Resources */,
				1FD212341FB1B6E5008F99BF /* 0757565255b62fc.png in Resources */,
				1F9484BF1FB4400400110FED /* drink_62.jpg in Resources */,
				1F9484AA1FB4400400110FED /* drink_41.jpg in Resources */,
				1F94849D1FB4400400110FED /* drink_28.jpg in Resources */,
				1F9484C61FB4400400110FED /* drink_69.jpg in Resources */,
				1F94849A1FB4400400110FED /* drink_25.jpg in Resources */,
				DB481DA323D5A10600CC5D89 /* content.json in Resources */,
				1F94848B1FB4400400110FED /* drink_10.jpg in Resources */,
				1F9484C41FB4400400110FED /* drink_67.jpg in Resources */,
				1F9484881FB4400400110FED /* drink_07.jpg in Resources */,
				1F9484C31FB4400400110FED /* drink_66.jpg in Resources */,
				1F9484CB1FB4400400110FED /* drink_74.jpg in Resources */,
				1F9484CE1FB4400400110FED /* drink_77.jpg in Resources */,
				1F9484BB1FB4400400110FED /* drink_58.jpg in Resources */,
				1F94849B1FB4400400110FED /* drink_26.jpg in Resources */,
				1F9484B91FB4400400110FED /* drink_56.jpg in Resources */,
				1F9484981FB4400400110FED /* drink_23.jpg in Resources */,
				1F9484CD1FB4400400110FED /* drink_76.jpg in Resources */,
				1F9484AD1FB4400400110FED /* drink_44.jpg in Resources */,
				1F9484B01FB4400400110FED /* drink_47.jpg in Resources */,
				1F9484BA1FB4400400110FED /* drink_57.jpg in Resources */,
				1F9484861FB4400400110FED /* drink_05.jpg in Resources */,
				1F9484C91FB4400400110FED /* drink_72.jpg in Resources */,
				1F9484941FB4400400110FED /* drink_19.jpg in Resources */,
				1F9484AE1FB4400400110FED /* drink_45.jpg in Resources */,
				1F9484CA1FB4400400110FED /* drink_73.jpg in Resources */,
				1F9484B71FB4400400110FED /* drink_54.jpg in Resources */,
				1F9484921FB4400400110FED /* drink_17.jpg in Resources */,
				1F9484B81FB4400400110FED /* drink_55.jpg in Resources */,
				1F9484911FB4400400110FED /* drink_16.jpg in Resources */,
				1F94848C1FB4400400110FED /* drink_11.jpg in Resources */,
				1F9484D11FB4400400110FED /* drink_80.jpg in Resources */,
				1F9484821FB4400400110FED /* drink_01.jpg in Resources */,
				DB481DA923D5A14400CC5D89 /* 3788243-617bee7b94fd1613.jpg in Resources */,
				1F9484961FB4400400110FED /* drink_21.jpg in Resources */,
				1F9484811FB4400400110FED /* drink_00.jpg in Resources */,
				1F94848A1FB4400400110FED /* drink_09.jpg in Resources */,
				1F9484A91FB4400400110FED /* drink_40.jpg in Resources */,
				1F9484A61FB4400400110FED /* drink_37.jpg in Resources */,
				1F94849F1FB4400400110FED /* drink_30.jpg in Resources */,
				1F4E5ECB1F78E3BE00F1E08E /* LaunchScreen.storyboard in Resources */,
				1F9484C01FB4400400110FED /* drink_63.jpg in Resources */,
				1F94848F1FB4400400110FED /* drink_14.jpg in Resources */,
				1F9484C51FB4400400110FED /* drink_68.jpg in Resources */,
				1F4E5EC81F78E3BE00F1E08E /* Assets.xcassets in Resources */,
				1F9484BC1FB4400400110FED /* drink_59.jpg in Resources */,
				1F9484841FB4400400110FED /* drink_03.jpg in Resources */,
				1F9484B51FB4400400110FED /* drink_52.jpg in Resources */,
				1F9484A11FB4400400110FED /* drink_32.jpg in Resources */,
				1F9484AC1FB4400400110FED /* drink_43.jpg in Resources */,
				1F9484CC1FB4400400110FED /* drink_75.jpg in Resources */,
				1F9484A31FB4400400110FED /* drink_34.jpg in Resources */,
				1F9484B61FB4400400110FED /* drink_53.jpg in Resources */,
				1F9484C21FB4400400110FED /* drink_65.jpg in Resources */,
				1F9484C71FB4400400110FED /* drink_70.jpg in Resources */,
				1F9484971FB4400400110FED /* drink_22.jpg in Resources */,
				1F9484871FB4400400110FED /* drink_06.jpg in Resources */,
				1F9484AF1FB4400400110FED /* drink_46.jpg in Resources */,
				1F9484891FB4400400110FED /* drink_08.jpg in Resources */,
				1F9484A51FB4400400110FED /* drink_36.jpg in Resources */,
				1F9484A41FB4400400110FED /* drink_35.jpg in Resources */,
				1F9484B31FB4400400110FED /* drink_50.jpg in Resources */,
				1F9484831FB4400400110FED /* drink_02.jpg in Resources */,
				1F9484C11FB4400400110FED /* drink_64.jpg in Resources */,
				1F9484A71FB4400400110FED /* drink_38.jpg in Resources */,
				1F94848D1FB4400400110FED /* drink_12.jpg in Resources */,
				1F9484901FB4400400110FED /* drink_15.jpg in Resources */,
				1F9484A21FB4400400110FED /* drink_33.jpg in Resources */,
				1F9484991FB4400400110FED /* drink_24.jpg in Resources */,
				1F9484CF1FB4400400110FED /* drink_78.jpg in Resources */,
				1F9484851FB4400400110FED /* drink_04.jpg in Resources */,
				1F9484B21FB4400400110FED /* drink_49.jpg in Resources */,
				1F94849C1FB4400400110FED /* drink_27.jpg in Resources */,
				1F9484BE1FB4400400110FED /* drink_61.jpg in Resources */,
				1F9484951FB4400400110FED /* drink_20.jpg in Resources */,
				1F9484C81FB4400400110FED /* drink_71.jpg in Resources */,
				1F94848E1FB4400400110FED /* drink_13.jpg in Resources */,
				1F9484AB1FB4400400110FED /* drink_42.jpg in Resources */,
				1F94849E1FB4400400110FED /* drink_29.jpg in Resources */,
				1F9484931FB4400400110FED /* drink_18.jpg in Resources */,
				1F9484A01FB4400400110FED /* drink_31.jpg in Resources */,
				1F9484BD1FB4400400110FED /* drink_60.jpg in Resources */,
				1F9484A81FB4400400110FED /* drink_39.jpg in Resources */,
				1F4E5EC61F78E3BD00F1E08E /* Main.storyboard in Resources */,
				1F9484D01FB4400400110FED /* drink_79.jpg in Resources */,
				1F9484B11FB4400400110FED /* drink_48.jpg in Resources */,
			);
			runOnlyForDeploymentPostprocessing = 0;
		};
/* End PBXResourcesBuildPhase section */

/* Begin PBXShellScriptBuildPhase section */
		2965E567F157A601077575D0 /* [CP] Embed Pods Frameworks */ = {
			isa = PBXShellScriptBuildPhase;
			buildActionMask = 2147483647;
			files = (
			);
			inputPaths = (
				"${PODS_ROOT}/Target Support Files/Pods-Test/Pods-Test-frameworks.sh",
				"${BUILT_PRODUCTS_DIR}/Alamofire/Alamofire.framework",
				"${BUILT_PRODUCTS_DIR}/FMDB/FMDB.framework",
				"${BUILT_PRODUCTS_DIR}/HandyJSON/HandyJSON.framework",
				"${BUILT_PRODUCTS_DIR}/Kingfisher/Kingfisher.framework",
				"${BUILT_PRODUCTS_DIR}/Realm/Realm.framework",
				"${BUILT_PRODUCTS_DIR}/RealmSwift/RealmSwift.framework",
				"${BUILT_PRODUCTS_DIR}/RxCocoa/RxCocoa.framework",
				"${BUILT_PRODUCTS_DIR}/RxRelay/RxRelay.framework",
				"${BUILT_PRODUCTS_DIR}/RxSwift/RxSwift.framework",
				"${BUILT_PRODUCTS_DIR}/SnapKit/SnapKit.framework",
				"${BUILT_PRODUCTS_DIR}/Toast-Swift/Toast_Swift.framework",
			);
			name = "[CP] Embed Pods Frameworks";
			outputPaths = (
				"${TARGET_BUILD_DIR}/${FRAMEWORKS_FOLDER_PATH}/Alamofire.framework",
				"${TARGET_BUILD_DIR}/${FRAMEWORKS_FOLDER_PATH}/FMDB.framework",
				"${TARGET_BUILD_DIR}/${FRAMEWORKS_FOLDER_PATH}/HandyJSON.framework",
				"${TARGET_BUILD_DIR}/${FRAMEWORKS_FOLDER_PATH}/Kingfisher.framework",
				"${TARGET_BUILD_DIR}/${FRAMEWORKS_FOLDER_PATH}/Realm.framework",
				"${TARGET_BUILD_DIR}/${FRAMEWORKS_FOLDER_PATH}/RealmSwift.framework",
				"${TARGET_BUILD_DIR}/${FRAMEWORKS_FOLDER_PATH}/RxCocoa.framework",
				"${TARGET_BUILD_DIR}/${FRAMEWORKS_FOLDER_PATH}/RxRelay.framework",
				"${TARGET_BUILD_DIR}/${FRAMEWORKS_FOLDER_PATH}/RxSwift.framework",
				"${TARGET_BUILD_DIR}/${FRAMEWORKS_FOLDER_PATH}/SnapKit.framework",
				"${TARGET_BUILD_DIR}/${FRAMEWORKS_FOLDER_PATH}/Toast_Swift.framework",
			);
			runOnlyForDeploymentPostprocessing = 0;
			shellPath = /bin/sh;
			shellScript = "\"${PODS_ROOT}/Target Support Files/Pods-Test/Pods-Test-frameworks.sh\"\n";
			showEnvVarsInLog = 0;
		};
		642EA03425F99609B6AD4658 /* [CP] Check Pods Manifest.lock */ = {
			isa = PBXShellScriptBuildPhase;
			buildActionMask = 2147483647;
			files = (
			);
			inputPaths = (
				"${PODS_PODFILE_DIR_PATH}/Podfile.lock",
				"${PODS_ROOT}/Manifest.lock",
			);
			name = "[CP] Check Pods Manifest.lock";
			outputPaths = (
				"$(DERIVED_FILE_DIR)/Pods-Test-checkManifestLockResult.txt",
			);
			runOnlyForDeploymentPostprocessing = 0;
			shellPath = /bin/sh;
			shellScript = "diff \"${PODS_PODFILE_DIR_PATH}/Podfile.lock\" \"${PODS_ROOT}/Manifest.lock\" > /dev/null\nif [ $? != 0 ] ; then\n    # print error to STDERR\n    echo \"error: The sandbox is not in sync with the Podfile.lock. Run 'pod install' or update your CocoaPods installation.\" >&2\n    exit 1\nfi\n# This output is used by Xcode 'outputs' to avoid re-running this script phase.\necho \"SUCCESS\" > \"${SCRIPT_OUTPUT_FILE_0}\"\n";
			showEnvVarsInLog = 0;
		};
/* End PBXShellScriptBuildPhase section */

/* Begin PBXSourcesBuildPhase section */
		1F4E5EB91F78E3BC00F1E08E /* Sources */ = {
			isa = PBXSourcesBuildPhase;
			buildActionMask = 2147483647;
			files = (
				DB481DA723D5A10600CC5D89 /* ListModel.swift in Sources */,
				1FD212321FB1999C008F99BF /* UIImage+Extension.swift in Sources */,
				1FE4F8211F9D95E5002412E7 /* LoginViewController.swift in Sources */,
				1F4E5EC31F78E3BD00F1E08E /* ViewController.swift in Sources */,
				DB481D9E23D5A10600CC5D89 /* RXThreeViewController.swift in Sources */,
				DB481D8A23D59F9100CC5D89 /* RXNormalViewController.swift in Sources */,
				1F69CBE31F98CA7200DC9564 /* ImageClass.swift in Sources */,
				1FD2122E1FB185AD008F99BF /* AnimationViewController.swift in Sources */,
				1FE4F8221F9D95E5002412E7 /* DataBaseViewController.swift in Sources */,
				DB481DAB23D5A80800CC5D89 /* RXTransDealViewController.swift in Sources */,
				1FE4F8201F9D95E5002412E7 /* ThreadViewController.swift in Sources */,
				1F4E5EC11F78E3BD00F1E08E /* AppDelegate.swift in Sources */,
				1FE4F81E1F9D95E5002412E7 /* CSHTTPTool.swift in Sources */,
				1FE4F8381F9DE6F6002412E7 /* TableNameAndKinds.swift in Sources */,
				DB481DA123D5A10600CC5D89 /* RXObservableTwoViewController.swift in Sources */,
				DB481D9C23D5A10600CC5D89 /* RXBaseKnowViewController.swift in Sources */,
				DB481D9D23D5A10600CC5D89 /* RXObservableOneViewController.swift in Sources */,
				DB481DA023D5A10600CC5D89 /* RXObservableSubscribeViewController.swift in Sources */,
				1FE4F8241F9D95E5002412E7 /* SQLiteManager.swift in Sources */,
				DB481D9F23D5A10600CC5D89 /* RXObservableCreateVC.swift in Sources */,
				1FE4F81F1F9D95E5002412E7 /* DemoViewController.swift in Sources */,
				1FE4F8231F9D95E5002412E7 /* RealmDealViewController.swift in Sources */,
			);
			runOnlyForDeploymentPostprocessing = 0;
		};
/* End PBXSourcesBuildPhase section */

/* Begin PBXVariantGroup section */
		1F4E5EC41F78E3BD00F1E08E /* Main.storyboard */ = {
			isa = PBXVariantGroup;
			children = (
				1F4E5EC51F78E3BD00F1E08E /* Base */,
			);
			name = Main.storyboard;
			sourceTree = "<group>";
		};
		1F4E5EC91F78E3BE00F1E08E /* LaunchScreen.storyboard */ = {
			isa = PBXVariantGroup;
			children = (
				1F4E5ECA1F78E3BE00F1E08E /* Base */,
			);
			name = LaunchScreen.storyboard;
			sourceTree = "<group>";
		};
/* End PBXVariantGroup section */

/* Begin XCBuildConfiguration section */
		1F4E5ECD1F78E3BE00F1E08E /* Debug */ = {
			isa = XCBuildConfiguration;
			buildSettings = {
				ALWAYS_SEARCH_USER_PATHS = NO;
				CLANG_ANALYZER_NONNULL = YES;
				CLANG_ANALYZER_NUMBER_OBJECT_CONVERSION = YES_AGGRESSIVE;
				CLANG_CXX_LANGUAGE_STANDARD = "gnu++14";
				CLANG_CXX_LIBRARY = "libc++";
				CLANG_ENABLE_MODULES = YES;
				CLANG_ENABLE_OBJC_ARC = YES;
				CLANG_WARN_BLOCK_CAPTURE_AUTORELEASING = YES;
				CLANG_WARN_BOOL_CONVERSION = YES;
				CLANG_WARN_COMMA = YES;
				CLANG_WARN_CONSTANT_CONVERSION = YES;
				CLANG_WARN_DIRECT_OBJC_ISA_USAGE = YES_ERROR;
				CLANG_WARN_DOCUMENTATION_COMMENTS = YES;
				CLANG_WARN_EMPTY_BODY = YES;
				CLANG_WARN_ENUM_CONVERSION = YES;
				CLANG_WARN_INFINITE_RECURSION = YES;
				CLANG_WARN_INT_CONVERSION = YES;
				CLANG_WARN_NON_LITERAL_NULL_CONVERSION = YES;
				CLANG_WARN_OBJC_LITERAL_CONVERSION = YES;
				CLANG_WARN_OBJC_ROOT_CLASS = YES_ERROR;
				CLANG_WARN_RANGE_LOOP_ANALYSIS = YES;
				CLANG_WARN_STRICT_PROTOTYPES = YES;
				CLANG_WARN_SUSPICIOUS_MOVE = YES;
				CLANG_WARN_UNGUARDED_AVAILABILITY = YES_AGGRESSIVE;
				CLANG_WARN_UNREACHABLE_CODE = YES;
				CLANG_WARN__DUPLICATE_METHOD_MATCH = YES;
				CODE_SIGN_IDENTITY = "iPhone Developer";
				COPY_PHASE_STRIP = NO;
				DEBUG_INFORMATION_FORMAT = dwarf;
				ENABLE_STRICT_OBJC_MSGSEND = YES;
				ENABLE_TESTABILITY = YES;
				GCC_C_LANGUAGE_STANDARD = gnu11;
				GCC_DYNAMIC_NO_PIC = NO;
				GCC_NO_COMMON_BLOCKS = YES;
				GCC_OPTIMIZATION_LEVEL = 0;
				GCC_PREPROCESSOR_DEFINITIONS = (
					"DEBUG=1",
					"$(inherited)",
				);
				GCC_WARN_64_TO_32_BIT_CONVERSION = YES;
				GCC_WARN_ABOUT_RETURN_TYPE = YES_ERROR;
				GCC_WARN_UNDECLARED_SELECTOR = YES;
				GCC_WARN_UNINITIALIZED_AUTOS = YES_AGGRESSIVE;
				GCC_WARN_UNUSED_FUNCTION = YES;
				GCC_WARN_UNUSED_VARIABLE = YES;
				IPHONEOS_DEPLOYMENT_TARGET = 11.0;
				MTL_ENABLE_DEBUG_INFO = YES;
				ONLY_ACTIVE_ARCH = YES;
				SDKROOT = iphoneos;
				SWIFT_ACTIVE_COMPILATION_CONDITIONS = DEBUG;
				SWIFT_OPTIMIZATION_LEVEL = "-Onone";
			};
			name = Debug;
		};
		1F4E5ECE1F78E3BE00F1E08E /* Release */ = {
			isa = XCBuildConfiguration;
			buildSettings = {
				ALWAYS_SEARCH_USER_PATHS = NO;
				CLANG_ANALYZER_NONNULL = YES;
				CLANG_ANALYZER_NUMBER_OBJECT_CONVERSION = YES_AGGRESSIVE;
				CLANG_CXX_LANGUAGE_STANDARD = "gnu++14";
				CLANG_CXX_LIBRARY = "libc++";
				CLANG_ENABLE_MODULES = YES;
				CLANG_ENABLE_OBJC_ARC = YES;
				CLANG_WARN_BLOCK_CAPTURE_AUTORELEASING = YES;
				CLANG_WARN_BOOL_CONVERSION = YES;
				CLANG_WARN_COMMA = YES;
				CLANG_WARN_CONSTANT_CONVERSION = YES;
				CLANG_WARN_DIRECT_OBJC_ISA_USAGE = YES_ERROR;
				CLANG_WARN_DOCUMENTATION_COMMENTS = YES;
				CLANG_WARN_EMPTY_BODY = YES;
				CLANG_WARN_ENUM_CONVERSION = YES;
				CLANG_WARN_INFINITE_RECURSION = YES;
				CLANG_WARN_INT_CONVERSION = YES;
				CLANG_WARN_NON_LITERAL_NULL_CONVERSION = YES;
				CLANG_WARN_OBJC_LITERAL_CONVERSION = YES;
				CLANG_WARN_OBJC_ROOT_CLASS = YES_ERROR;
				CLANG_WARN_RANGE_LOOP_ANALYSIS = YES;
				CLANG_WARN_STRICT_PROTOTYPES = YES;
				CLANG_WARN_SUSPICIOUS_MOVE = YES;
				CLANG_WARN_UNGUARDED_AVAILABILITY = YES_AGGRESSIVE;
				CLANG_WARN_UNREACHABLE_CODE = YES;
				CLANG_WARN__DUPLICATE_METHOD_MATCH = YES;
				CODE_SIGN_IDENTITY = "iPhone Developer";
				COPY_PHASE_STRIP = NO;
				DEBUG_INFORMATION_FORMAT = "dwarf-with-dsym";
				ENABLE_NS_ASSERTIONS = NO;
				ENABLE_STRICT_OBJC_MSGSEND = YES;
				GCC_C_LANGUAGE_STANDARD = gnu11;
				GCC_NO_COMMON_BLOCKS = YES;
				GCC_WARN_64_TO_32_BIT_CONVERSION = YES;
				GCC_WARN_ABOUT_RETURN_TYPE = YES_ERROR;
				GCC_WARN_UNDECLARED_SELECTOR = YES;
				GCC_WARN_UNINITIALIZED_AUTOS = YES_AGGRESSIVE;
				GCC_WARN_UNUSED_FUNCTION = YES;
				GCC_WARN_UNUSED_VARIABLE = YES;
				IPHONEOS_DEPLOYMENT_TARGET = 11.0;
				MTL_ENABLE_DEBUG_INFO = NO;
				SDKROOT = iphoneos;
				SWIFT_OPTIMIZATION_LEVEL = "-Owholemodule";
				VALIDATE_PRODUCT = YES;
			};
			name = Release;
		};
		1F4E5ED01F78E3BE00F1E08E /* Debug */ = {
			isa = XCBuildConfiguration;
			baseConfigurationReference = 574ABE440DFD9B74B9498AC7 /* Pods-Test.debug.xcconfig */;
			buildSettings = {
				ASSETCATALOG_COMPILER_APPICON_NAME = AppIcon;
				CLANG_ENABLE_MODULES = YES;
				CODE_SIGN_STYLE = Automatic;
				DEVELOPMENT_TEAM = J34X25TCYP;
				FRAMEWORK_SEARCH_PATHS = (
					"$(inherited)",
					"$(PROJECT_DIR)",
					"$(PROJECT_DIR)/Test/数据库处理",
				);
				INFOPLIST_FILE = Test/Info.plist;
				IPHONEOS_DEPLOYMENT_TARGET = 11.0;
				LD_RUNPATH_SEARCH_PATHS = "$(inherited) @executable_path/Frameworks";
				OTHER_LDFLAGS = "$(inherited)";
				PODS_ROOT = "$(inherited)";
				PRODUCT_BUNDLE_IDENTIFIER = com.zssy.AM.text;
				PRODUCT_NAME = "$(TARGET_NAME)";
				SWIFT_OBJC_BRIDGING_HEADER = "";
				SWIFT_OPTIMIZATION_LEVEL = "-Onone";
				SWIFT_VERSION = 4.0;
				TARGETED_DEVICE_FAMILY = "1,2";
			};
			name = Debug;
		};
		1F4E5ED11F78E3BE00F1E08E /* Release */ = {
			isa = XCBuildConfiguration;
			baseConfigurationReference = 016820007FF48D93DAEC674D /* Pods-Test.release.xcconfig */;
			buildSettings = {
				ASSETCATALOG_COMPILER_APPICON_NAME = AppIcon;
				CLANG_ENABLE_MODULES = YES;
				CODE_SIGN_STYLE = Automatic;
				DEVELOPMENT_TEAM = J34X25TCYP;
				FRAMEWORK_SEARCH_PATHS = (
					"$(inherited)",
					"$(PROJECT_DIR)",
					"$(PROJECT_DIR)/Test/数据库处理",
				);
				INFOPLIST_FILE = Test/Info.plist;
				IPHONEOS_DEPLOYMENT_TARGET = 11.0;
				LD_RUNPATH_SEARCH_PATHS = "$(inherited) @executable_path/Frameworks";
				OTHER_LDFLAGS = "$(inherited)";
				PODS_ROOT = "$(inherited)";
				PRODUCT_BUNDLE_IDENTIFIER = com.zssy.AM.text;
				PRODUCT_NAME = "$(TARGET_NAME)";
				SWIFT_OBJC_BRIDGING_HEADER = "";
				SWIFT_VERSION = 4.0;
				TARGETED_DEVICE_FAMILY = "1,2";
			};
			name = Release;
		};
/* End XCBuildConfiguration section */

/* Begin XCConfigurationList section */
		1F4E5EB81F78E3BC00F1E08E /* Build configuration list for PBXProject "Test" */ = {
			isa = XCConfigurationList;
			buildConfigurations = (
				1F4E5ECD1F78E3BE00F1E08E /* Debug */,
				1F4E5ECE1F78E3BE00F1E08E /* Release */,
			);
			defaultConfigurationIsVisible = 0;
			defaultConfigurationName = Release;
		};
		1F4E5ECF1F78E3BE00F1E08E /* Build configuration list for PBXNativeTarget "Test" */ = {
			isa = XCConfigurationList;
			buildConfigurations = (
				1F4E5ED01F78E3BE00F1E08E /* Debug */,
				1F4E5ED11F78E3BE00F1E08E /* Release */,
			);
			defaultConfigurationIsVisible = 0;
			defaultConfigurationName = Release;
		};
/* End XCConfigurationList section */
	};
	rootObject = 1F4E5EB51F78E3BC00F1E08E /* Project object */;
}
