// !$*UTF8*$!
{
	archiveVersion = 1;
	classes = {
	};
	objectVersion = 48;
	objects = {

/* Begin PBXBuildFile section */
		1F0CE44A1F8B7A4600F0C735 /* ThreadViewController.swift in Sources */ = {isa = PBXBuildFile; fileRef = 1F0CE4491F8B7A4600F0C735 /* ThreadViewController.swift */; };
		1F0CE44C1F8B7B4700F0C735 /* DataBaseViewController.swift in Sources */ = {isa = PBXBuildFile; fileRef = 1F0CE44B1F8B7B4700F0C735 /* DataBaseViewController.swift */; };
		1F4E5EC11F78E3BD00F1E08E /* AppDelegate.swift in Sources */ = {isa = PBXBuildFile; fileRef = 1F4E5EC01F78E3BD00F1E08E /* AppDelegate.swift */; };
		1F4E5EC31F78E3BD00F1E08E /* ViewController.swift in Sources */ = {isa = PBXBuildFile; fileRef = 1F4E5EC21F78E3BD00F1E08E /* ViewController.swift */; };
		1F4E5EC61F78E3BD00F1E08E /* Main.storyboard in Resources */ = {isa = PBXBuildFile; fileRef = 1F4E5EC41F78E3BD00F1E08E /* Main.storyboard */; };
		1F4E5EC81F78E3BE00F1E08E /* Assets.xcassets in Resources */ = {isa = PBXBuildFile; fileRef = 1F4E5EC71F78E3BE00F1E08E /* Assets.xcassets */; };
		1F4E5ECB1F78E3BE00F1E08E /* LaunchScreen.storyboard in Resources */ = {isa = PBXBuildFile; fileRef = 1F4E5EC91F78E3BE00F1E08E /* LaunchScreen.storyboard */; };
		1F4E5ED31F78E4EB00F1E08E /* LoginViewController.swift in Sources */ = {isa = PBXBuildFile; fileRef = 1F4E5ED21F78E4EB00F1E08E /* LoginViewController.swift */; };
		1FAE85901F7A28AA00B09D3E /* CSHTTPTool.swift in Sources */ = {isa = PBXBuildFile; fileRef = 1FAE858F1F7A28AA00B09D3E /* CSHTTPTool.swift */; };
		1FB518E01F7DE2060021A3A4 /* DemoViewController.swift in Sources */ = {isa = PBXBuildFile; fileRef = 1FB518DF1F7DE2060021A3A4 /* DemoViewController.swift */; };
		6ADD54CDE3DB3C491CE6342A /* Pods_Test.framework in Frameworks */ = {isa = PBXBuildFile; fileRef = F80E265588C3818EC30288D0 /* Pods_Test.framework */; };
/* End PBXBuildFile section */

/* Begin PBXFileReference section */
		016820007FF48D93DAEC674D /* Pods-Test.release.xcconfig */ = {isa = PBXFileReference; includeInIndex = 1; lastKnownFileType = text.xcconfig; name = "Pods-Test.release.xcconfig"; path = "Pods/Target Support Files/Pods-Test/Pods-Test.release.xcconfig"; sourceTree = "<group>"; };
		1F0CE4491F8B7A4600F0C735 /* ThreadViewController.swift */ = {isa = PBXFileReference; lastKnownFileType = sourcecode.swift; path = ThreadViewController.swift; sourceTree = "<group>"; };
		1F0CE44B1F8B7B4700F0C735 /* DataBaseViewController.swift */ = {isa = PBXFileReference; lastKnownFileType = sourcecode.swift; path = DataBaseViewController.swift; sourceTree = "<group>"; };
		1F4E5EBD1F78E3BC00F1E08E /* Test.app */ = {isa = PBXFileReference; explicitFileType = wrapper.application; includeInIndex = 0; path = Test.app; sourceTree = BUILT_PRODUCTS_DIR; };
		1F4E5EC01F78E3BD00F1E08E /* AppDelegate.swift */ = {isa = PBXFileReference; lastKnownFileType = sourcecode.swift; path = AppDelegate.swift; sourceTree = "<group>"; };
		1F4E5EC21F78E3BD00F1E08E /* ViewController.swift */ = {isa = PBXFileReference; lastKnownFileType = sourcecode.swift; path = ViewController.swift; sourceTree = "<group>"; };
		1F4E5EC51F78E3BD00F1E08E /* Base */ = {isa = PBXFileReference; lastKnownFileType = file.storyboard; name = Base; path = Base.lproj/Main.storyboard; sourceTree = "<group>"; };
		1F4E5EC71F78E3BE00F1E08E /* Assets.xcassets */ = {isa = PBXFileReference; lastKnownFileType = folder.assetcatalog; path = Assets.xcassets; sourceTree = "<group>"; };
		1F4E5ECA1F78E3BE00F1E08E /* Base */ = {isa = PBXFileReference; lastKnownFileType = file.storyboard; name = Base; path = Base.lproj/LaunchScreen.storyboard; sourceTree = "<group>"; };
		1F4E5ECC1F78E3BE00F1E08E /* Info.plist */ = {isa = PBXFileReference; lastKnownFileType = text.plist.xml; path = Info.plist; sourceTree = "<group>"; };
		1F4E5ED21F78E4EB00F1E08E /* LoginViewController.swift */ = {isa = PBXFileReference; lastKnownFileType = sourcecode.swift; path = LoginViewController.swift; sourceTree = "<group>"; };
		1FAE858F1F7A28AA00B09D3E /* CSHTTPTool.swift */ = {isa = PBXFileReference; lastKnownFileType = sourcecode.swift; path = CSHTTPTool.swift; sourceTree = "<group>"; };
		1FB518DF1F7DE2060021A3A4 /* DemoViewController.swift */ = {isa = PBXFileReference; lastKnownFileType = sourcecode.swift; path = DemoViewController.swift; sourceTree = "<group>"; };
		574ABE440DFD9B74B9498AC7 /* Pods-Test.debug.xcconfig */ = {isa = PBXFileReference; includeInIndex = 1; lastKnownFileType = text.xcconfig; name = "Pods-Test.debug.xcconfig"; path = "Pods/Target Support Files/Pods-Test/Pods-Test.debug.xcconfig"; sourceTree = "<group>"; };
		F80E265588C3818EC30288D0 /* Pods_Test.framework */ = {isa = PBXFileReference; explicitFileType = wrapper.framework; includeInIndex = 0; path = Pods_Test.framework; sourceTree = BUILT_PRODUCTS_DIR; };
/* End PBXFileReference section */

/* Begin PBXFrameworksBuildPhase section */
		1F4E5EBA1F78E3BC00F1E08E /* Frameworks */ = {
			isa = PBXFrameworksBuildPhase;
			buildActionMask = 2147483647;
			files = (
				6ADD54CDE3DB3C491CE6342A /* Pods_Test.framework in Frameworks */,
			);
			runOnlyForDeploymentPostprocessing = 0;
		};
/* End PBXFrameworksBuildPhase section */

/* Begin PBXGroup section */
		1D2549342C96484C38E975E7 /* Pods */ = {
			isa = PBXGroup;
			children = (
				574ABE440DFD9B74B9498AC7 /* Pods-Test.debug.xcconfig */,
				016820007FF48D93DAEC674D /* Pods-Test.release.xcconfig */,
			);
			name = Pods;
			sourceTree = "<group>";
		};
		1F4E5EB41F78E3BC00F1E08E = {
			isa = PBXGroup;
			children = (
				1F4E5EBF1F78E3BC00F1E08E /* Test */,
				1F4E5EBE1F78E3BC00F1E08E /* Products */,
				1D2549342C96484C38E975E7 /* Pods */,
				296B1B9318757AD744339D60 /* Frameworks */,
			);
			sourceTree = "<group>";
		};
		1F4E5EBE1F78E3BC00F1E08E /* Products */ = {
			isa = PBXGroup;
			children = (
				1F4E5EBD1F78E3BC00F1E08E /* Test.app */,
			);
			name = Products;
			sourceTree = "<group>";
		};
		1F4E5EBF1F78E3BC00F1E08E /* Test */ = {
			isa = PBXGroup;
			children = (
				1F4E5EC01F78E3BD00F1E08E /* AppDelegate.swift */,
				1F4E5EC21F78E3BD00F1E08E /* ViewController.swift */,
				1FB518DF1F7DE2060021A3A4 /* DemoViewController.swift */,
				1F4E5ED21F78E4EB00F1E08E /* LoginViewController.swift */,
				1FAE858F1F7A28AA00B09D3E /* CSHTTPTool.swift */,
				1F0CE4491F8B7A4600F0C735 /* ThreadViewController.swift */,
				1F0CE44B1F8B7B4700F0C735 /* DataBaseViewController.swift */,
				1F4E5EC41F78E3BD00F1E08E /* Main.storyboard */,
				1F4E5EC71F78E3BE00F1E08E /* Assets.xcassets */,
				1F4E5EC91F78E3BE00F1E08E /* LaunchScreen.storyboard */,
				1F4E5ECC1F78E3BE00F1E08E /* Info.plist */,
			);
			path = Test;
			sourceTree = "<group>";
		};
		296B1B9318757AD744339D60 /* Frameworks */ = {
			isa = PBXGroup;
			children = (
				F80E265588C3818EC30288D0 /* Pods_Test.framework */,
			);
			name = Frameworks;
			sourceTree = "<group>";
		};
/* End PBXGroup section */

/* Begin PBXNativeTarget section */
		1F4E5EBC1F78E3BC00F1E08E /* Test */ = {
			isa = PBXNativeTarget;
			buildConfigurationList = 1F4E5ECF1F78E3BE00F1E08E /* Build configuration list for PBXNativeTarget "Test" */;
			buildPhases = (
				642EA03425F99609B6AD4658 /* [CP] Check Pods Manifest.lock */,
				1F4E5EB91F78E3BC00F1E08E /* Sources */,
				1F4E5EBA1F78E3BC00F1E08E /* Frameworks */,
				1F4E5EBB1F78E3BC00F1E08E /* Resources */,
				2965E567F157A601077575D0 /* [CP] Embed Pods Frameworks */,
				D018594A3974491B5839C331 /* [CP] Copy Pods Resources */,
			);
			buildRules = (
			);
			dependencies = (
			);
			name = Test;
			productName = Test;
			productReference = 1F4E5EBD1F78E3BC00F1E08E /* Test.app */;
			productType = "com.apple.product-type.application";
		};
/* End PBXNativeTarget section */

/* Begin PBXProject section */
		1F4E5EB51F78E3BC00F1E08E /* Project object */ = {
			isa = PBXProject;
			attributes = {
				LastSwiftUpdateCheck = 0900;
				LastUpgradeCheck = 0900;
				ORGANIZATIONNAME = "宗盛商业";
				TargetAttributes = {
					1F4E5EBC1F78E3BC00F1E08E = {
						CreatedOnToolsVersion = 9.0;
						LastSwiftMigration = 0900;
						ProvisioningStyle = Automatic;
					};
				};
			};
			buildConfigurationList = 1F4E5EB81F78E3BC00F1E08E /* Build configuration list for PBXProject "Test" */;
			compatibilityVersion = "Xcode 8.0";
			developmentRegion = en;
			hasScannedForEncodings = 0;
			knownRegions = (
				en,
				Base,
			);
			mainGroup = 1F4E5EB41F78E3BC00F1E08E;
			productRefGroup = 1F4E5EBE1F78E3BC00F1E08E /* Products */;
			projectDirPath = "";
			projectRoot = "";
			targets = (
				1F4E5EBC1F78E3BC00F1E08E /* Test */,
			);
		};
/* End PBXProject section */

/* Begin PBXResourcesBuildPhase section */
		1F4E5EBB1F78E3BC00F1E08E /* Resources */ = {
			isa = PBXResourcesBuildPhase;
			buildActionMask = 2147483647;
			files = (
				1F4E5ECB1F78E3BE00F1E08E /* LaunchScreen.storyboard in Resources */,
				1F4E5EC81F78E3BE00F1E08E /* Assets.xcassets in Resources */,
				1F4E5EC61F78E3BD00F1E08E /* Main.storyboard in Resources */,
			);
			runOnlyForDeploymentPostprocessing = 0;
		};
/* End PBXResourcesBuildPhase section */

/* Begin PBXShellScriptBuildPhase section */
		2965E567F157A601077575D0 /* [CP] Embed Pods Frameworks */ = {
			isa = PBXShellScriptBuildPhase;
			buildActionMask = 2147483647;
			files = (
			);
			inputPaths = (
				"${SRCROOT}/Pods/Target Support Files/Pods-Test/Pods-Test-frameworks.sh",
				"${BUILT_PRODUCTS_DIR}/Alamofire/Alamofire.framework",
				"${BUILT_PRODUCTS_DIR}/Kingfisher/Kingfisher.framework",
				"${BUILT_PRODUCTS_DIR}/SnapKit/SnapKit.framework",
			);
			name = "[CP] Embed Pods Frameworks";
			outputPaths = (
				"${TARGET_BUILD_DIR}/${FRAMEWORKS_FOLDER_PATH}/Alamofire.framework",
				"${TARGET_BUILD_DIR}/${FRAMEWORKS_FOLDER_PATH}/Kingfisher.framework",
				"${TARGET_BUILD_DIR}/${FRAMEWORKS_FOLDER_PATH}/SnapKit.framework",
			);
			runOnlyForDeploymentPostprocessing = 0;
			shellPath = /bin/sh;
			shellScript = "\"${SRCROOT}/Pods/Target Support Files/Pods-Test/Pods-Test-frameworks.sh\"\n";
			showEnvVarsInLog = 0;
		};
		642EA03425F99609B6AD4658 /* [CP] Check Pods Manifest.lock */ = {
			isa = PBXShellScriptBuildPhase;
			buildActionMask = 2147483647;
			files = (
			);
			inputPaths = (
				"${PODS_PODFILE_DIR_PATH}/Podfile.lock",
				"${PODS_ROOT}/Manifest.lock",
			);
			name = "[CP] Check Pods Manifest.lock";
			outputPaths = (
				"$(DERIVED_FILE_DIR)/Pods-Test-checkManifestLockResult.txt",
			);
			runOnlyForDeploymentPostprocessing = 0;
			shellPath = /bin/sh;
			shellScript = "diff \"${PODS_PODFILE_DIR_PATH}/Podfile.lock\" \"${PODS_ROOT}/Manifest.lock\" > /dev/null\nif [ $? != 0 ] ; then\n    # print error to STDERR\n    echo \"error: The sandbox is not in sync with the Podfile.lock. Run 'pod install' or update your CocoaPods installation.\" >&2\n    exit 1\nfi\n# This output is used by Xcode 'outputs' to avoid re-running this script phase.\necho \"SUCCESS\" > \"${SCRIPT_OUTPUT_FILE_0}\"\n";
			showEnvVarsInLog = 0;
		};
		D018594A3974491B5839C331 /* [CP] Copy Pods Resources */ = {
			isa = PBXShellScriptBuildPhase;
			buildActionMask = 2147483647;
			files = (
			);
			inputPaths = (
			);
			name = "[CP] Copy Pods Resources";
			outputPaths = (
			);
			runOnlyForDeploymentPostprocessing = 0;
			shellPath = /bin/sh;
			shellScript = "\"${SRCROOT}/Pods/Target Support Files/Pods-Test/Pods-Test-resources.sh\"\n";
			showEnvVarsInLog = 0;
		};
/* End PBXShellScriptBuildPhase section */

/* Begin PBXSourcesBuildPhase section */
		1F4E5EB91F78E3BC00F1E08E /* Sources */ = {
			isa = PBXSourcesBuildPhase;
			buildActionMask = 2147483647;
			files = (
				1F4E5ED31F78E4EB00F1E08E /* LoginViewController.swift in Sources */,
				1F4E5EC31F78E3BD00F1E08E /* ViewController.swift in Sources */,
				1F0CE44C1F8B7B4700F0C735 /* DataBaseViewController.swift in Sources */,
				1F0CE44A1F8B7A4600F0C735 /* ThreadViewController.swift in Sources */,
				1F4E5EC11F78E3BD00F1E08E /* AppDelegate.swift in Sources */,
				1FAE85901F7A28AA00B09D3E /* CSHTTPTool.swift in Sources */,
				1FB518E01F7DE2060021A3A4 /* DemoViewController.swift in Sources */,
			);
			runOnlyForDeploymentPostprocessing = 0;
		};
/* End PBXSourcesBuildPhase section */

/* Begin PBXVariantGroup section */
		1F4E5EC41F78E3BD00F1E08E /* Main.storyboard */ = {
			isa = PBXVariantGroup;
			children = (
				1F4E5EC51F78E3BD00F1E08E /* Base */,
			);
			name = Main.storyboard;
			sourceTree = "<group>";
		};
		1F4E5EC91F78E3BE00F1E08E /* LaunchScreen.storyboard */ = {
			isa = PBXVariantGroup;
			children = (
				1F4E5ECA1F78E3BE00F1E08E /* Base */,
			);
			name = LaunchScreen.storyboard;
			sourceTree = "<group>";
		};
/* End PBXVariantGroup section */

/* Begin XCBuildConfiguration section */
		1F4E5ECD1F78E3BE00F1E08E /* Debug */ = {
			isa = XCBuildConfiguration;
			buildSettings = {
				ALWAYS_SEARCH_USER_PATHS = NO;
				CLANG_ANALYZER_NONNULL = YES;
				CLANG_ANALYZER_NUMBER_OBJECT_CONVERSION = YES_AGGRESSIVE;
				CLANG_CXX_LANGUAGE_STANDARD = "gnu++14";
				CLANG_CXX_LIBRARY = "libc++";
				CLANG_ENABLE_MODULES = YES;
				CLANG_ENABLE_OBJC_ARC = YES;
				CLANG_WARN_BLOCK_CAPTURE_AUTORELEASING = YES;
				CLANG_WARN_BOOL_CONVERSION = YES;
				CLANG_WARN_COMMA = YES;
				CLANG_WARN_CONSTANT_CONVERSION = YES;
				CLANG_WARN_DIRECT_OBJC_ISA_USAGE = YES_ERROR;
				CLANG_WARN_DOCUMENTATION_COMMENTS = YES;
				CLANG_WARN_EMPTY_BODY = YES;
				CLANG_WARN_ENUM_CONVERSION = YES;
				CLANG_WARN_INFINITE_RECURSION = YES;
				CLANG_WARN_INT_CONVERSION = YES;
				CLANG_WARN_NON_LITERAL_NULL_CONVERSION = YES;
				CLANG_WARN_OBJC_LITERAL_CONVERSION = YES;
				CLANG_WARN_OBJC_ROOT_CLASS = YES_ERROR;
				CLANG_WARN_RANGE_LOOP_ANALYSIS = YES;
				CLANG_WARN_STRICT_PROTOTYPES = YES;
				CLANG_WARN_SUSPICIOUS_MOVE = YES;
				CLANG_WARN_UNGUARDED_AVAILABILITY = YES_AGGRESSIVE;
				CLANG_WARN_UNREACHABLE_CODE = YES;
				CLANG_WARN__DUPLICATE_METHOD_MATCH = YES;
				CODE_SIGN_IDENTITY = "iPhone Developer";
				COPY_PHASE_STRIP = NO;
				DEBUG_INFORMATION_FORMAT = dwarf;
				ENABLE_STRICT_OBJC_MSGSEND = YES;
				ENABLE_TESTABILITY = YES;
				GCC_C_LANGUAGE_STANDARD = gnu11;
				GCC_DYNAMIC_NO_PIC = NO;
				GCC_NO_COMMON_BLOCKS = YES;
				GCC_OPTIMIZATION_LEVEL = 0;
				GCC_PREPROCESSOR_DEFINITIONS = (
					"DEBUG=1",
					"$(inherited)",
				);
				GCC_WARN_64_TO_32_BIT_CONVERSION = YES;
				GCC_WARN_ABOUT_RETURN_TYPE = YES_ERROR;
				GCC_WARN_UNDECLARED_SELECTOR = YES;
				GCC_WARN_UNINITIALIZED_AUTOS = YES_AGGRESSIVE;
				GCC_WARN_UNUSED_FUNCTION = YES;
				GCC_WARN_UNUSED_VARIABLE = YES;
				IPHONEOS_DEPLOYMENT_TARGET = 11.0;
				MTL_ENABLE_DEBUG_INFO = YES;
				ONLY_ACTIVE_ARCH = YES;
				SDKROOT = iphoneos;
				SWIFT_ACTIVE_COMPILATION_CONDITIONS = DEBUG;
				SWIFT_OPTIMIZATION_LEVEL = "-Onone";
			};
			name = Debug;
		};
		1F4E5ECE1F78E3BE00F1E08E /* Release */ = {
			isa = XCBuildConfiguration;
			buildSettings = {
				ALWAYS_SEARCH_USER_PATHS = NO;
				CLANG_ANALYZER_NONNULL = YES;
				CLANG_ANALYZER_NUMBER_OBJECT_CONVERSION = YES_AGGRESSIVE;
				CLANG_CXX_LANGUAGE_STANDARD = "gnu++14";
				CLANG_CXX_LIBRARY = "libc++";
				CLANG_ENABLE_MODULES = YES;
				CLANG_ENABLE_OBJC_ARC = YES;
				CLANG_WARN_BLOCK_CAPTURE_AUTORELEASING = YES;
				CLANG_WARN_BOOL_CONVERSION = YES;
				CLANG_WARN_COMMA = YES;
				CLANG_WARN_CONSTANT_CONVERSION = YES;
				CLANG_WARN_DIRECT_OBJC_ISA_USAGE = YES_ERROR;
				CLANG_WARN_DOCUMENTATION_COMMENTS = YES;
				CLANG_WARN_EMPTY_BODY = YES;
				CLANG_WARN_ENUM_CONVERSION = YES;
				CLANG_WARN_INFINITE_RECURSION = YES;
				CLANG_WARN_INT_CONVERSION = YES;
				CLANG_WARN_NON_LITERAL_NULL_CONVERSION = YES;
				CLANG_WARN_OBJC_LITERAL_CONVERSION = YES;
				CLANG_WARN_OBJC_ROOT_CLASS = YES_ERROR;
				CLANG_WARN_RANGE_LOOP_ANALYSIS = YES;
				CLANG_WARN_STRICT_PROTOTYPES = YES;
				CLANG_WARN_SUSPICIOUS_MOVE = YES;
				CLANG_WARN_UNGUARDED_AVAILABILITY = YES_AGGRESSIVE;
				CLANG_WARN_UNREACHABLE_CODE = YES;
				CLANG_WARN__DUPLICATE_METHOD_MATCH = YES;
				CODE_SIGN_IDENTITY = "iPhone Developer";
				COPY_PHASE_STRIP = NO;
				DEBUG_INFORMATION_FORMAT = "dwarf-with-dsym";
				ENABLE_NS_ASSERTIONS = NO;
				ENABLE_STRICT_OBJC_MSGSEND = YES;
				GCC_C_LANGUAGE_STANDARD = gnu11;
				GCC_NO_COMMON_BLOCKS = YES;
				GCC_WARN_64_TO_32_BIT_CONVERSION = YES;
				GCC_WARN_ABOUT_RETURN_TYPE = YES_ERROR;
				GCC_WARN_UNDECLARED_SELECTOR = YES;
				GCC_WARN_UNINITIALIZED_AUTOS = YES_AGGRESSIVE;
				GCC_WARN_UNUSED_FUNCTION = YES;
				GCC_WARN_UNUSED_VARIABLE = YES;
				IPHONEOS_DEPLOYMENT_TARGET = 11.0;
				MTL_ENABLE_DEBUG_INFO = NO;
				SDKROOT = iphoneos;
				SWIFT_OPTIMIZATION_LEVEL = "-Owholemodule";
				VALIDATE_PRODUCT = YES;
			};
			name = Release;
		};
		1F4E5ED01F78E3BE00F1E08E /* Debug */ = {
			isa = XCBuildConfiguration;
			baseConfigurationReference = 574ABE440DFD9B74B9498AC7 /* Pods-Test.debug.xcconfig */;
			buildSettings = {
				ASSETCATALOG_COMPILER_APPICON_NAME = AppIcon;
				CLANG_ENABLE_MODULES = YES;
				CODE_SIGN_STYLE = Automatic;
				DEVELOPMENT_TEAM = J34X25TCYP;
				INFOPLIST_FILE = Test/Info.plist;
				LD_RUNPATH_SEARCH_PATHS = "$(inherited) @executable_path/Frameworks";
				OTHER_LDFLAGS = "$(inherited)";
				PODS_ROOT = "$(inherited)";
				PRODUCT_BUNDLE_IDENTIFIER = com.zssy.AM.text;
				PRODUCT_NAME = "$(TARGET_NAME)";
				SWIFT_OBJC_BRIDGING_HEADER = "";
				SWIFT_OPTIMIZATION_LEVEL = "-Onone";
				SWIFT_VERSION = 4.0;
				TARGETED_DEVICE_FAMILY = "1,2";
			};
			name = Debug;
		};
		1F4E5ED11F78E3BE00F1E08E /* Release */ = {
			isa = XCBuildConfiguration;
			baseConfigurationReference = 016820007FF48D93DAEC674D /* Pods-Test.release.xcconfig */;
			buildSettings = {
				ASSETCATALOG_COMPILER_APPICON_NAME = AppIcon;
				CLANG_ENABLE_MODULES = YES;
				CODE_SIGN_STYLE = Automatic;
				DEVELOPMENT_TEAM = J34X25TCYP;
				INFOPLIST_FILE = Test/Info.plist;
				LD_RUNPATH_SEARCH_PATHS = "$(inherited) @executable_path/Frameworks";
				OTHER_LDFLAGS = "$(inherited)";
				PODS_ROOT = "$(inherited)";
				PRODUCT_BUNDLE_IDENTIFIER = com.zssy.AM.text;
				PRODUCT_NAME = "$(TARGET_NAME)";
				SWIFT_OBJC_BRIDGING_HEADER = "";
				SWIFT_VERSION = 4.0;
				TARGETED_DEVICE_FAMILY = "1,2";
			};
			name = Release;
		};
/* End XCBuildConfiguration section */

/* Begin XCConfigurationList section */
		1F4E5EB81F78E3BC00F1E08E /* Build configuration list for PBXProject "Test" */ = {
			isa = XCConfigurationList;
			buildConfigurations = (
				1F4E5ECD1F78E3BE00F1E08E /* Debug */,
				1F4E5ECE1F78E3BE00F1E08E /* Release */,
			);
			defaultConfigurationIsVisible = 0;
			defaultConfigurationName = Release;
		};
		1F4E5ECF1F78E3BE00F1E08E /* Build configuration list for PBXNativeTarget "Test" */ = {
			isa = XCConfigurationList;
			buildConfigurations = (
				1F4E5ED01F78E3BE00F1E08E /* Debug */,
				1F4E5ED11F78E3BE00F1E08E /* Release */,
			);
			defaultConfigurationIsVisible = 0;
			defaultConfigurationName = Release;
		};
/* End XCConfigurationList section */
	};
	rootObject = 1F4E5EB51F78E3BC00F1E08E /* Project object */;
}
